// !$*UTF8*$!
{
	archiveVersion = 1;
	classes = {
	};
	objectVersion = 56;
	objects = {

/* Begin PBXBuildFile section */
		2A090BD72A71B0E9003553D2 /* MapView.swift in Sources */ = {isa = PBXBuildFile; fileRef = 2A090BD62A71B0E9003553D2 /* MapView.swift */; };
		2A090BD92A71BAFF003553D2 /* PlaceAnnotationView.swift in Sources */ = {isa = PBXBuildFile; fileRef = 2A090BD82A71BAFF003553D2 /* PlaceAnnotationView.swift */; };
		2A16EB362A4CDA4200CC881D /* ConferenceHeaderView.swift in Sources */ = {isa = PBXBuildFile; fileRef = 2A16EB352A4CDA4200CC881D /* ConferenceHeaderView.swift */; };
		2A16EB3B2A4CDB3600CC881D /* WorkSans-Regular.ttf in Resources */ = {isa = PBXBuildFile; fileRef = 2A16EB392A4CDB3600CC881D /* WorkSans-Regular.ttf */; };
		2A16EB3C2A4CDB3600CC881D /* WorkSans-Bold.ttf in Resources */ = {isa = PBXBuildFile; fileRef = 2A16EB3A2A4CDB3600CC881D /* WorkSans-Bold.ttf */; };
		2A16EB412A4CDD4A00CC881D /* Color+Helper.swift in Sources */ = {isa = PBXBuildFile; fileRef = 2A16EB402A4CDD4A00CC881D /* Color+Helper.swift */; };
		2A16EB452A4F622800CC881D /* ConferenceBoxTicket.swift in Sources */ = {isa = PBXBuildFile; fileRef = 2A16EB442A4F622800CC881D /* ConferenceBoxTicket.swift */; };
		2A16EB642A4F6CC200CC881D /* GoogleService-Info.plist in Resources */ = {isa = PBXBuildFile; fileRef = 2A16EB632A4F6CC200CC881D /* GoogleService-Info.plist */; };
		2A17F0C22A6075BF0055E214 /* MentorView.swift in Sources */ = {isa = PBXBuildFile; fileRef = 2A17F0C12A6075BF0055E214 /* MentorView.swift */; };
		2A18CE3B2A76E71900969214 /* PacklistView.swift in Sources */ = {isa = PBXBuildFile; fileRef = 2A18CE3A2A76E71900969214 /* PacklistView.swift */; };
		2A18CE422A773D3A00969214 /* SectionBeforeYouLeave.swift in Sources */ = {isa = PBXBuildFile; fileRef = 2A18CE412A773D3A00969214 /* SectionBeforeYouLeave.swift */; };
		2A18CE442A773D7F00969214 /* SectionGettingHere.swift in Sources */ = {isa = PBXBuildFile; fileRef = 2A18CE432A773D7F00969214 /* SectionGettingHere.swift */; };
		2A18CE462A77403800969214 /* EventDetailsView.swift in Sources */ = {isa = PBXBuildFile; fileRef = 2A18CE452A77403800969214 /* EventDetailsView.swift */; };
		2A37FB6A2A7B06AE0062E63A /* ConferenceBoxMentors.swift in Sources */ = {isa = PBXBuildFile; fileRef = 2A37FB692A7B06AE0062E63A /* ConferenceBoxMentors.swift */; };
		2A37FB902A7C14CB0062E63A /* UIDevice+HasNotch.swift in Sources */ = {isa = PBXBuildFile; fileRef = 2A37FB8F2A7C14CB0062E63A /* UIDevice+HasNotch.swift */; };
		2A37FB9A2A7D3F890062E63A /* Bundle+Version.swift in Sources */ = {isa = PBXBuildFile; fileRef = 2A37FB992A7D3F890062E63A /* Bundle+Version.swift */; };
		2A3AB6592A7871030089CF7E /* SwiftIslandDataLogic in Frameworks */ = {isa = PBXBuildFile; productRef = 2A3AB6582A7871030089CF7E /* SwiftIslandDataLogic */; };
		2A3AB65B2A78744B0089CF7E /* ActivityType+Color.swift in Sources */ = {isa = PBXBuildFile; fileRef = 2A3AB65A2A78744B0089CF7E /* ActivityType+Color.swift */; };
		2A77AD8E2C0527AE00610250 /* AckGen in Frameworks */ = {isa = PBXBuildFile; productRef = 2A77AD8D2C0527AE00610250 /* AckGen */; };
		2A77AD902C0527AE00610250 /* AckGenUI in Frameworks */ = {isa = PBXBuildFile; productRef = 2A77AD8F2C0527AE00610250 /* AckGenUI */; };
		2A7F12772A6401C4007C28EA /* NFCManager.swift in Sources */ = {isa = PBXBuildFile; fileRef = 2A7F12762A6401C4007C28EA /* NFCManager.swift */; };
		2A7F12792A640730007C28EA /* ScrollViewOffset.swift in Sources */ = {isa = PBXBuildFile; fileRef = 2A7F12782A640730007C28EA /* ScrollViewOffset.swift */; };
		2A7F127F2A6488EC007C28EA /* RequestLocationView.swift in Sources */ = {isa = PBXBuildFile; fileRef = 2A7F127E2A6488EC007C28EA /* RequestLocationView.swift */; };
		2A7F12812A64891F007C28EA /* LinearGradient.swift in Sources */ = {isa = PBXBuildFile; fileRef = 2A7F12802A64891F007C28EA /* LinearGradient.swift */; };
		2A7F12832A648C59007C28EA /* SwiftIslandButtonStyle.swift in Sources */ = {isa = PBXBuildFile; fileRef = 2A7F12822A648C59007C28EA /* SwiftIslandButtonStyle.swift */; };
		2A7F12852A65DBEA007C28EA /* LocationManager.swift in Sources */ = {isa = PBXBuildFile; fileRef = 2A7F12842A65DBEA007C28EA /* LocationManager.swift */; };
		2A7F12882A65E354007C28EA /* SectionAtTheConferenceNotActivated.swift in Sources */ = {isa = PBXBuildFile; fileRef = 2A7F12872A65E354007C28EA /* SectionAtTheConferenceNotActivated.swift */; };
		2A7F128B2A69CB2C007C28EA /* Defaults in Frameworks */ = {isa = PBXBuildFile; productRef = 2A7F128A2A69CB2C007C28EA /* Defaults */; };
		2A7F128D2A69CC39007C28EA /* Defaults.swift in Sources */ = {isa = PBXBuildFile; fileRef = 2A7F128C2A69CC39007C28EA /* Defaults.swift */; };
		2A7F12902A69D9C7007C28EA /* PracticalGenericPageView.swift in Sources */ = {isa = PBXBuildFile; fileRef = 2A7F128F2A69D9C7007C28EA /* PracticalGenericPageView.swift */; };
		2A7F12962A6B14CD007C28EA /* AppDataModel.swift in Sources */ = {isa = PBXBuildFile; fileRef = 2A7F12952A6B14CD007C28EA /* AppDataModel.swift */; };
		2A7F12982A6B19E0007C28EA /* SwiftIslandLogo.swift in Sources */ = {isa = PBXBuildFile; fileRef = 2A7F12972A6B19E0007C28EA /* SwiftIslandLogo.swift */; };
		2A987A9F2A7ADDF200EE15DF /* AddDataModelTests.swift in Sources */ = {isa = PBXBuildFile; fileRef = 2A987A9E2A7ADDF200EE15DF /* AddDataModelTests.swift */; };
		2A987AC72A7AE4AF00EE15DF /* WidgetKit.framework in Frameworks */ = {isa = PBXBuildFile; fileRef = 2A987AC62A7AE4AF00EE15DF /* WidgetKit.framework */; };
		2A987AC92A7AE4AF00EE15DF /* SwiftUI.framework in Frameworks */ = {isa = PBXBuildFile; fileRef = 2A987AC82A7AE4AF00EE15DF /* SwiftUI.framework */; };
		2A987ACC2A7AE4AF00EE15DF /* SwiftIslandWidgetsBundle.swift in Sources */ = {isa = PBXBuildFile; fileRef = 2A987ACB2A7AE4AF00EE15DF /* SwiftIslandWidgetsBundle.swift */; };
		2A987AD32A7AE4B000EE15DF /* Assets.xcassets in Resources */ = {isa = PBXBuildFile; fileRef = 2A987AD22A7AE4B000EE15DF /* Assets.xcassets */; };
		2A987ADA2A7AE4B000EE15DF /* SwiftIslandWidgetsExtension.appex in Embed Foundation Extensions */ = {isa = PBXBuildFile; fileRef = 2A987AC52A7AE4AF00EE15DF /* SwiftIslandWidgetsExtension.appex */; settings = {ATTRIBUTES = (RemoveHeadersOnCopy, ); }; };
		2A987AEC2A7AEA1900EE15DF /* UpNextEntry.swift in Sources */ = {isa = PBXBuildFile; fileRef = 2A987AEA2A7AE76A00EE15DF /* UpNextEntry.swift */; };
		2A987AED2A7AEA1F00EE15DF /* UpNextSystemMediumView.swift in Sources */ = {isa = PBXBuildFile; fileRef = 2A987AE72A7AE70400EE15DF /* UpNextSystemMediumView.swift */; };
		2A987AEE2A7AEA1F00EE15DF /* UpNextWidget.swift in Sources */ = {isa = PBXBuildFile; fileRef = 2A987AE02A7AE51C00EE15DF /* UpNextWidget.swift */; };
		2A987AEF2A7AEA1F00EE15DF /* UpNextEntryView.swift in Sources */ = {isa = PBXBuildFile; fileRef = 2A987AE22A7AE54E00EE15DF /* UpNextEntryView.swift */; };
		2A987AF02A7AEA1F00EE15DF /* UpNextProvider.swift in Sources */ = {isa = PBXBuildFile; fileRef = 2A987AE42A7AE6AA00EE15DF /* UpNextProvider.swift */; };
		2A987AF22A7AEA3700EE15DF /* SwiftIslandDataLogic in Frameworks */ = {isa = PBXBuildFile; productRef = 2A987AF12A7AEA3700EE15DF /* SwiftIslandDataLogic */; };
		2A987AF32A7AEA9800EE15DF /* GoogleService-Info.plist in Resources */ = {isa = PBXBuildFile; fileRef = 2A16EB632A4F6CC200CC881D /* GoogleService-Info.plist */; };
		2A987AF72A7AEB9700EE15DF /* Color+Helper.swift in Sources */ = {isa = PBXBuildFile; fileRef = 2A16EB402A4CDD4A00CC881D /* Color+Helper.swift */; };
		2A987AF82A7AEBA300EE15DF /* Date+Formatting.swift in Sources */ = {isa = PBXBuildFile; fileRef = 2AE440002A702BC0009078E3 /* Date+Formatting.swift */; };
		2A987AF92A7AEC4300EE15DF /* LinearGradient.swift in Sources */ = {isa = PBXBuildFile; fileRef = 2A7F12802A64891F007C28EA /* LinearGradient.swift */; };
		2A987AFA2A7AECA600EE15DF /* ActivityType+Color.swift in Sources */ = {isa = PBXBuildFile; fileRef = 2A3AB65A2A78744B0089CF7E /* ActivityType+Color.swift */; };
		2A987AFB2A7AECC300EE15DF /* UpNextSystemSmallView.swift in Sources */ = {isa = PBXBuildFile; fileRef = 2A987AF42A7AEAEC00EE15DF /* UpNextSystemSmallView.swift */; };
		2AB3AE902A77FF0E00F3ECB2 /* KeychainManager.swift in Sources */ = {isa = PBXBuildFile; fileRef = 2AB3AE8F2A77FF0E00F3ECB2 /* KeychainManager.swift */; };
		2AB3AF672A78199600F3ECB2 /* SafariWebView.swift in Sources */ = {isa = PBXBuildFile; fileRef = 2AB3AF662A78199600F3ECB2 /* SafariWebView.swift */; };
		2AC7DCF12A58B5E600DB9F6D /* ConferenceBoxFAQ.swift in Sources */ = {isa = PBXBuildFile; fileRef = 2AC7DCF02A58B5E600DB9F6D /* ConferenceBoxFAQ.swift */; };
		2AC7DD072A58CD2000DB9F6D /* FAQListView.swift in Sources */ = {isa = PBXBuildFile; fileRef = 2AC7DD062A58CD2000DB9F6D /* FAQListView.swift */; };
		2AC7DD092A58CFDD00DB9F6D /* ConferenceBoxFAQItem.swift in Sources */ = {isa = PBXBuildFile; fileRef = 2AC7DD082A58CFDD00DB9F6D /* ConferenceBoxFAQItem.swift */; };
		2AC7DD0B2A58D07E00DB9F6D /* View+Preview.swift in Sources */ = {isa = PBXBuildFile; fileRef = 2AC7DD0A2A58D07E00DB9F6D /* View+Preview.swift */; };
		2AC7DD0F2A59F37D00DB9F6D /* PracticalPageView.swift in Sources */ = {isa = PBXBuildFile; fileRef = 2AC7DD0E2A59F37D00DB9F6D /* PracticalPageView.swift */; };
		2ACF55A42A605BA300C051FC /* GettingThereMapView.swift in Sources */ = {isa = PBXBuildFile; fileRef = 2ACF55A32A605BA300C051FC /* GettingThereMapView.swift */; };
		2AE43FAC2A6B1A8C009078E3 /* View+PercentageOffset.swift in Sources */ = {isa = PBXBuildFile; fileRef = 2AE43FAB2A6B1A8C009078E3 /* View+PercentageOffset.swift */; };
		2AE43FFF2A702999009078E3 /* ConferenceBoxEvent.swift in Sources */ = {isa = PBXBuildFile; fileRef = 2AE43FFE2A702999009078E3 /* ConferenceBoxEvent.swift */; };
		2AE440012A702BC0009078E3 /* Date+Formatting.swift in Sources */ = {isa = PBXBuildFile; fileRef = 2AE440002A702BC0009078E3 /* Date+Formatting.swift */; };
		2AE440042A705C8B009078E3 /* ScheduleView.swift in Sources */ = {isa = PBXBuildFile; fileRef = 2AE440032A705C8B009078E3 /* ScheduleView.swift */; };
		2AE440062A705E5C009078E3 /* ScheduleCalendarView.swift in Sources */ = {isa = PBXBuildFile; fileRef = 2AE440052A705E5C009078E3 /* ScheduleCalendarView.swift */; };
		2AE440082A706211009078E3 /* ScheduleTimelineView.swift in Sources */ = {isa = PBXBuildFile; fileRef = 2AE440072A706211009078E3 /* ScheduleTimelineView.swift */; };
		2AE4400E2A717CE4009078E3 /* EventView.swift in Sources */ = {isa = PBXBuildFile; fileRef = 2AE4400D2A717CE4009078E3 /* EventView.swift */; };
		2AE45DA72A7D42B800AF2B9D /* SourceView.swift in Sources */ = {isa = PBXBuildFile; fileRef = 2AE45DA62A7D42B800AF2B9D /* SourceView.swift */; };
		2AE45DA92A7D617400AF2B9D /* ConferenceBoxWeather.swift in Sources */ = {isa = PBXBuildFile; fileRef = 2AE45DA82A7D617400AF2B9D /* ConferenceBoxWeather.swift */; };
		2AECBFB52A95DD58001FBFA9 /* Secrets.json in Resources */ = {isa = PBXBuildFile; fileRef = 2AECBFB42A95DB43001FBFA9 /* Secrets.json */; };
		2AEDC4972A4A030F00CD0180 /* MainApp.swift in Sources */ = {isa = PBXBuildFile; fileRef = 2AEDC4962A4A030F00CD0180 /* MainApp.swift */; };
		2AEDC49B2A4A031000CD0180 /* Assets.xcassets in Resources */ = {isa = PBXBuildFile; fileRef = 2AEDC49A2A4A031000CD0180 /* Assets.xcassets */; };
		2AEDC49E2A4A031000CD0180 /* Preview Assets.xcassets in Resources */ = {isa = PBXBuildFile; fileRef = 2AEDC49D2A4A031000CD0180 /* Preview Assets.xcassets */; };
		2AEDC4C32A4A089100CD0180 /* ConferencePageView.swift in Sources */ = {isa = PBXBuildFile; fileRef = 2AEDC4C22A4A089100CD0180 /* ConferencePageView.swift */; };
		2AEDC4C62A4A08AF00CD0180 /* TabBarView.swift in Sources */ = {isa = PBXBuildFile; fileRef = 2AEDC4C52A4A08AF00CD0180 /* TabBarView.swift */; };
		2AF19ED32A7B04A500134E0B /* ConferencePageContentView.swift in Sources */ = {isa = PBXBuildFile; fileRef = 2AF19ED22A7B04A500134E0B /* ConferencePageContentView.swift */; };
		2AFAA1FE2C77D492005C4C7A /* MentorListView.swift in Sources */ = {isa = PBXBuildFile; fileRef = 2AFAA1FB2C77D492005C4C7A /* MentorListView.swift */; };
		2AFAA1FF2C77D492005C4C7A /* MentorPageView.swift in Sources */ = {isa = PBXBuildFile; fileRef = 2AFAA1FC2C77D492005C4C7A /* MentorPageView.swift */; };
		2AFC45FC2BFFEF8200B135F5 /* Acknowledgements.plist in Resources */ = {isa = PBXBuildFile; fileRef = 2AFC45FB2BFFEF8200B135F5 /* Acknowledgements.plist */; };
		2AFC76752C79EB48008B5E11 /* MatchedGeometryExample.swift in Sources */ = {isa = PBXBuildFile; fileRef = 2AFC76732C79EB48008B5E11 /* MatchedGeometryExample.swift */; };
		2AFC76762C79EB48008B5E11 /* NavigationDestinationExample.swift in Sources */ = {isa = PBXBuildFile; fileRef = 2AFC76742C79EB48008B5E11 /* NavigationDestinationExample.swift */; };
		2AFC767D2C79ECD3008B5E11 /* ConferenceBoxMentorsWorkshop.swift in Sources */ = {isa = PBXBuildFile; fileRef = 2AFC767C2C79ECD3008B5E11 /* ConferenceBoxMentorsWorkshop.swift */; };
		2E19CADE2A7EEC9700177B61 /* UpNextSystemLargeView.swift in Sources */ = {isa = PBXBuildFile; fileRef = 2E19CADD2A7EEC9700177B61 /* UpNextSystemLargeView.swift */; };
		2E19CAE02A7EF7B100177B61 /* UpNextSystemRectangularView.swift in Sources */ = {isa = PBXBuildFile; fileRef = 2E19CADF2A7EF7B100177B61 /* UpNextSystemRectangularView.swift */; };
		2E19CAE22A7EFD9800177B61 /* UpNextSystemCircularView.swift in Sources */ = {isa = PBXBuildFile; fileRef = 2E19CAE12A7EFD9800177B61 /* UpNextSystemCircularView.swift */; };
		B332ADF72A9A813C00557AA7 /* truchet-tiles.pdf in Resources */ = {isa = PBXBuildFile; fileRef = B332ADF12A9A813900557AA7 /* truchet-tiles.pdf */; };
		B332ADF82A9A813C00557AA7 /* double-names.pdf in Resources */ = {isa = PBXBuildFile; fileRef = B332ADF22A9A813B00557AA7 /* double-names.pdf */; };
		B332ADF92A9A813C00557AA7 /* valuta.pdf in Resources */ = {isa = PBXBuildFile; fileRef = B332ADF32A9A813B00557AA7 /* valuta.pdf */; };
		B332ADFA2A9A813C00557AA7 /* game-of-life.pdf in Resources */ = {isa = PBXBuildFile; fileRef = B332ADF42A9A813B00557AA7 /* game-of-life.pdf */; };
		B332ADFB2A9A813C00557AA7 /* marquee.pdf in Resources */ = {isa = PBXBuildFile; fileRef = B332ADF52A9A813C00557AA7 /* marquee.pdf */; };
		B332ADFC2A9A813C00557AA7 /* mills.pdf in Resources */ = {isa = PBXBuildFile; fileRef = B332ADF62A9A813C00557AA7 /* mills.pdf */; };
		B340138F2A9EA479008A9C21 /* rebus.pdf in Resources */ = {isa = PBXBuildFile; fileRef = B340138E2A9EA479008A9C21 /* rebus.pdf */; };
		B35057F12A9DD19700B71436 /* elements.pdf in Resources */ = {isa = PBXBuildFile; fileRef = B35057F02A9DD19700B71436 /* elements.pdf */; };
		B35057F32A9DD1F900B71436 /* the-key.pdf in Resources */ = {isa = PBXBuildFile; fileRef = B35057F22A9DD1F900B71436 /* the-key.pdf */; };
		B35057F52A9DD20800B71436 /* safe.pdf in Resources */ = {isa = PBXBuildFile; fileRef = B35057F42A9DD20800B71436 /* safe.pdf */; };
		B35057F92A9DD23C00B71436 /* farmers-wedding.pdf in Resources */ = {isa = PBXBuildFile; fileRef = B35057F82A9DD23C00B71436 /* farmers-wedding.pdf */; };
		B35057FB2A9DD24400B71436 /* mystery-museum.pdf in Resources */ = {isa = PBXBuildFile; fileRef = B35057FA2A9DD24400B71436 /* mystery-museum.pdf */; };
		B354DDE52A9BEEE700C24461 /* Utils.swift in Sources */ = {isa = PBXBuildFile; fileRef = B354DDE42A9BEEE700C24461 /* Utils.swift */; };
		B362F5E12AA1044F00AFE1EE /* ConferenceBoxSponsors.swift in Sources */ = {isa = PBXBuildFile; fileRef = B362F5E02AA1044F00AFE1EE /* ConferenceBoxSponsors.swift */; };
		B3733D772A9951B10069D490 /* PuzzleView.swift in Sources */ = {isa = PBXBuildFile; fileRef = B3733D732A9951B10069D490 /* PuzzleView.swift */; };
		B3733D792A9951B10069D490 /* PuzzleItemView.swift in Sources */ = {isa = PBXBuildFile; fileRef = B3733D752A9951B10069D490 /* PuzzleItemView.swift */; };
		B3733D7A2A9951B10069D490 /* PuzzlePageView.swift in Sources */ = {isa = PBXBuildFile; fileRef = B3733D762A9951B10069D490 /* PuzzlePageView.swift */; };
		B3C626422A942291002754A8 /* WebView.swift in Sources */ = {isa = PBXBuildFile; fileRef = B3C626412A942291002754A8 /* WebView.swift */; };
		B3C626442A94956A002754A8 /* TicketEditView.swift in Sources */ = {isa = PBXBuildFile; fileRef = B3C626432A94956A002754A8 /* TicketEditView.swift */; };
		B3F443032A9765E700AFDF43 /* TicketAddButton.swift in Sources */ = {isa = PBXBuildFile; fileRef = B3F443022A9765E700AFDF43 /* TicketAddButton.swift */; };
		B3F7EEF42A86D6BB001D69B6 /* TicketsView.swift in Sources */ = {isa = PBXBuildFile; fileRef = B3F7EEF32A86D6BB001D69B6 /* TicketsView.swift */; };
/* End PBXBuildFile section */

/* Begin PBXContainerItemProxy section */
		2A987AD72A7AE4B000EE15DF /* PBXContainerItemProxy */ = {
			isa = PBXContainerItemProxy;
			containerPortal = 2AEDC48B2A4A030F00CD0180 /* Project object */;
			proxyType = 1;
			remoteGlobalIDString = 2A987AC42A7AE4AF00EE15DF;
			remoteInfo = SwiftIslandWidgetsExtension;
		};
		2AEDC4A42A4A031100CD0180 /* PBXContainerItemProxy */ = {
			isa = PBXContainerItemProxy;
			containerPortal = 2AEDC48B2A4A030F00CD0180 /* Project object */;
			proxyType = 1;
			remoteGlobalIDString = 2AEDC4922A4A030F00CD0180;
			remoteInfo = SwiftIsland;
		};
/* End PBXContainerItemProxy section */

/* Begin PBXCopyFilesBuildPhase section */
		2A987AD92A7AE4B000EE15DF /* Embed Foundation Extensions */ = {
			isa = PBXCopyFilesBuildPhase;
			buildActionMask = 2147483647;
			dstPath = "";
			dstSubfolderSpec = 13;
			files = (
				2A987ADA2A7AE4B000EE15DF /* SwiftIslandWidgetsExtension.appex in Embed Foundation Extensions */,
			);
			name = "Embed Foundation Extensions";
			runOnlyForDeploymentPostprocessing = 0;
		};
/* End PBXCopyFilesBuildPhase section */

/* Begin PBXFileReference section */
		2A090BD62A71B0E9003553D2 /* MapView.swift */ = {isa = PBXFileReference; lastKnownFileType = sourcecode.swift; path = MapView.swift; sourceTree = "<group>"; };
		2A090BD82A71BAFF003553D2 /* PlaceAnnotationView.swift */ = {isa = PBXFileReference; lastKnownFileType = sourcecode.swift; path = PlaceAnnotationView.swift; sourceTree = "<group>"; };
		2A16EB352A4CDA4200CC881D /* ConferenceHeaderView.swift */ = {isa = PBXFileReference; lastKnownFileType = sourcecode.swift; path = ConferenceHeaderView.swift; sourceTree = "<group>"; };
		2A16EB392A4CDB3600CC881D /* WorkSans-Regular.ttf */ = {isa = PBXFileReference; lastKnownFileType = file; path = "WorkSans-Regular.ttf"; sourceTree = "<group>"; };
		2A16EB3A2A4CDB3600CC881D /* WorkSans-Bold.ttf */ = {isa = PBXFileReference; lastKnownFileType = file; path = "WorkSans-Bold.ttf"; sourceTree = "<group>"; };
		2A16EB402A4CDD4A00CC881D /* Color+Helper.swift */ = {isa = PBXFileReference; lastKnownFileType = sourcecode.swift; path = "Color+Helper.swift"; sourceTree = "<group>"; };
		2A16EB422A4CDEFC00CC881D /* SwiftIslandApp-Info.plist */ = {isa = PBXFileReference; lastKnownFileType = text.plist.xml; path = "SwiftIslandApp-Info.plist"; sourceTree = "<group>"; };
		2A16EB442A4F622800CC881D /* ConferenceBoxTicket.swift */ = {isa = PBXFileReference; lastKnownFileType = sourcecode.swift; path = ConferenceBoxTicket.swift; sourceTree = "<group>"; };
		2A16EB632A4F6CC200CC881D /* GoogleService-Info.plist */ = {isa = PBXFileReference; fileEncoding = 4; lastKnownFileType = text.plist.xml; path = "GoogleService-Info.plist"; sourceTree = "<group>"; };
		2A17F0C12A6075BF0055E214 /* MentorView.swift */ = {isa = PBXFileReference; lastKnownFileType = sourcecode.swift; path = MentorView.swift; sourceTree = "<group>"; };
		2A18CE3A2A76E71900969214 /* PacklistView.swift */ = {isa = PBXFileReference; lastKnownFileType = sourcecode.swift; path = PacklistView.swift; sourceTree = "<group>"; };
		2A18CE412A773D3A00969214 /* SectionBeforeYouLeave.swift */ = {isa = PBXFileReference; lastKnownFileType = sourcecode.swift; path = SectionBeforeYouLeave.swift; sourceTree = "<group>"; };
		2A18CE432A773D7F00969214 /* SectionGettingHere.swift */ = {isa = PBXFileReference; lastKnownFileType = sourcecode.swift; path = SectionGettingHere.swift; sourceTree = "<group>"; };
		2A18CE452A77403800969214 /* EventDetailsView.swift */ = {isa = PBXFileReference; lastKnownFileType = sourcecode.swift; path = EventDetailsView.swift; sourceTree = "<group>"; };
		2A37FB692A7B06AE0062E63A /* ConferenceBoxMentors.swift */ = {isa = PBXFileReference; lastKnownFileType = sourcecode.swift; path = ConferenceBoxMentors.swift; sourceTree = "<group>"; };
		2A37FB8F2A7C14CB0062E63A /* UIDevice+HasNotch.swift */ = {isa = PBXFileReference; lastKnownFileType = sourcecode.swift; path = "UIDevice+HasNotch.swift"; sourceTree = "<group>"; };
		2A37FB992A7D3F890062E63A /* Bundle+Version.swift */ = {isa = PBXFileReference; lastKnownFileType = sourcecode.swift; path = "Bundle+Version.swift"; sourceTree = "<group>"; };
		2A3AB6562A7870C80089CF7E /* SwiftIslandDataLogic */ = {isa = PBXFileReference; lastKnownFileType = wrapper; path = SwiftIslandDataLogic; sourceTree = "<group>"; };
		2A3AB65A2A78744B0089CF7E /* ActivityType+Color.swift */ = {isa = PBXFileReference; lastKnownFileType = sourcecode.swift; path = "ActivityType+Color.swift"; sourceTree = "<group>"; };
		2A542B9C2AA0C4F500E8C0C8 /* ci_post_clone.sh */ = {isa = PBXFileReference; lastKnownFileType = text.script.sh; path = ci_post_clone.sh; sourceTree = "<group>"; };
		2A659B132BFFE2B100A57501 /* SwiftIslandApp-Debug.xcconfig */ = {isa = PBXFileReference; lastKnownFileType = text.xcconfig; path = "SwiftIslandApp-Debug.xcconfig"; sourceTree = "<group>"; };
		2A659B142BFFE2B100A57501 /* SwiftIslandApp-Release.xcconfig */ = {isa = PBXFileReference; lastKnownFileType = text.xcconfig; path = "SwiftIslandApp-Release.xcconfig"; sourceTree = "<group>"; };
		2A659B152BFFE2B100A57501 /* SwiftIslandApp-Shared.xcconfig */ = {isa = PBXFileReference; lastKnownFileType = text.xcconfig; path = "SwiftIslandApp-Shared.xcconfig"; sourceTree = "<group>"; };
		2A659B172BFFE2B100A57501 /* SwiftIslandAppTests-Debug.xcconfig */ = {isa = PBXFileReference; lastKnownFileType = text.xcconfig; path = "SwiftIslandAppTests-Debug.xcconfig"; sourceTree = "<group>"; };
		2A659B182BFFE2B100A57501 /* SwiftIslandAppTests-Release.xcconfig */ = {isa = PBXFileReference; lastKnownFileType = text.xcconfig; path = "SwiftIslandAppTests-Release.xcconfig"; sourceTree = "<group>"; };
		2A659B192BFFE2B100A57501 /* SwiftIslandAppTests-Shared.xcconfig */ = {isa = PBXFileReference; lastKnownFileType = text.xcconfig; path = "SwiftIslandAppTests-Shared.xcconfig"; sourceTree = "<group>"; };
		2A659B1B2BFFE2B100A57501 /* SwiftIslandWidgetsExtension-Debug.xcconfig */ = {isa = PBXFileReference; lastKnownFileType = text.xcconfig; path = "SwiftIslandWidgetsExtension-Debug.xcconfig"; sourceTree = "<group>"; };
		2A659B1C2BFFE2B100A57501 /* SwiftIslandWidgetsExtension-Release.xcconfig */ = {isa = PBXFileReference; lastKnownFileType = text.xcconfig; path = "SwiftIslandWidgetsExtension-Release.xcconfig"; sourceTree = "<group>"; };
		2A659B1D2BFFE2B100A57501 /* SwiftIslandWidgetsExtension-Shared.xcconfig */ = {isa = PBXFileReference; lastKnownFileType = text.xcconfig; path = "SwiftIslandWidgetsExtension-Shared.xcconfig"; sourceTree = "<group>"; };
		2A659B1F2BFFE2B100A57501 /* Project-Debug.xcconfig */ = {isa = PBXFileReference; lastKnownFileType = text.xcconfig; path = "Project-Debug.xcconfig"; sourceTree = "<group>"; };
		2A659B202BFFE2B100A57501 /* Project-Release.xcconfig */ = {isa = PBXFileReference; lastKnownFileType = text.xcconfig; path = "Project-Release.xcconfig"; sourceTree = "<group>"; };
		2A659B212BFFE2B100A57501 /* Project-Shared.xcconfig */ = {isa = PBXFileReference; lastKnownFileType = text.xcconfig; path = "Project-Shared.xcconfig"; sourceTree = "<group>"; };
		2A7AF8DA2BFFCCF400038E0D /* PrivacyInfo.xcprivacy */ = {isa = PBXFileReference; lastKnownFileType = text.xml; path = PrivacyInfo.xcprivacy; sourceTree = "<group>"; };
		2A7F12762A6401C4007C28EA /* NFCManager.swift */ = {isa = PBXFileReference; lastKnownFileType = sourcecode.swift; path = NFCManager.swift; sourceTree = "<group>"; };
		2A7F12782A640730007C28EA /* ScrollViewOffset.swift */ = {isa = PBXFileReference; lastKnownFileType = sourcecode.swift; path = ScrollViewOffset.swift; sourceTree = "<group>"; };
		2A7F127E2A6488EC007C28EA /* RequestLocationView.swift */ = {isa = PBXFileReference; lastKnownFileType = sourcecode.swift; path = RequestLocationView.swift; sourceTree = "<group>"; };
		2A7F12802A64891F007C28EA /* LinearGradient.swift */ = {isa = PBXFileReference; lastKnownFileType = sourcecode.swift; path = LinearGradient.swift; sourceTree = "<group>"; };
		2A7F12822A648C59007C28EA /* SwiftIslandButtonStyle.swift */ = {isa = PBXFileReference; lastKnownFileType = sourcecode.swift; path = SwiftIslandButtonStyle.swift; sourceTree = "<group>"; };
		2A7F12842A65DBEA007C28EA /* LocationManager.swift */ = {isa = PBXFileReference; lastKnownFileType = sourcecode.swift; path = LocationManager.swift; sourceTree = "<group>"; };
		2A7F12872A65E354007C28EA /* SectionAtTheConferenceNotActivated.swift */ = {isa = PBXFileReference; lastKnownFileType = sourcecode.swift; path = SectionAtTheConferenceNotActivated.swift; sourceTree = "<group>"; };
		2A7F128C2A69CC39007C28EA /* Defaults.swift */ = {isa = PBXFileReference; lastKnownFileType = sourcecode.swift; path = Defaults.swift; sourceTree = "<group>"; };
		2A7F128F2A69D9C7007C28EA /* PracticalGenericPageView.swift */ = {isa = PBXFileReference; lastKnownFileType = sourcecode.swift; path = PracticalGenericPageView.swift; sourceTree = "<group>"; };
		2A7F12952A6B14CD007C28EA /* AppDataModel.swift */ = {isa = PBXFileReference; lastKnownFileType = sourcecode.swift; path = AppDataModel.swift; sourceTree = "<group>"; };
		2A7F12972A6B19E0007C28EA /* SwiftIslandLogo.swift */ = {isa = PBXFileReference; lastKnownFileType = sourcecode.swift; path = SwiftIslandLogo.swift; sourceTree = "<group>"; };
		2A987A9E2A7ADDF200EE15DF /* AddDataModelTests.swift */ = {isa = PBXFileReference; lastKnownFileType = sourcecode.swift; path = AddDataModelTests.swift; sourceTree = "<group>"; };
		2A987AC52A7AE4AF00EE15DF /* SwiftIslandWidgetsExtension.appex */ = {isa = PBXFileReference; explicitFileType = "wrapper.app-extension"; includeInIndex = 0; path = SwiftIslandWidgetsExtension.appex; sourceTree = BUILT_PRODUCTS_DIR; };
		2A987AC62A7AE4AF00EE15DF /* WidgetKit.framework */ = {isa = PBXFileReference; lastKnownFileType = wrapper.framework; name = WidgetKit.framework; path = System/Library/Frameworks/WidgetKit.framework; sourceTree = SDKROOT; };
		2A987AC82A7AE4AF00EE15DF /* SwiftUI.framework */ = {isa = PBXFileReference; lastKnownFileType = wrapper.framework; name = SwiftUI.framework; path = System/Library/Frameworks/SwiftUI.framework; sourceTree = SDKROOT; };
		2A987ACB2A7AE4AF00EE15DF /* SwiftIslandWidgetsBundle.swift */ = {isa = PBXFileReference; lastKnownFileType = sourcecode.swift; path = SwiftIslandWidgetsBundle.swift; sourceTree = "<group>"; };
		2A987AD22A7AE4B000EE15DF /* Assets.xcassets */ = {isa = PBXFileReference; lastKnownFileType = folder.assetcatalog; path = Assets.xcassets; sourceTree = "<group>"; };
		2A987AD42A7AE4B000EE15DF /* Info.plist */ = {isa = PBXFileReference; lastKnownFileType = text.plist.xml; path = Info.plist; sourceTree = "<group>"; };
		2A987AE02A7AE51C00EE15DF /* UpNextWidget.swift */ = {isa = PBXFileReference; lastKnownFileType = sourcecode.swift; path = UpNextWidget.swift; sourceTree = "<group>"; };
		2A987AE22A7AE54E00EE15DF /* UpNextEntryView.swift */ = {isa = PBXFileReference; lastKnownFileType = sourcecode.swift; path = UpNextEntryView.swift; sourceTree = "<group>"; };
		2A987AE42A7AE6AA00EE15DF /* UpNextProvider.swift */ = {isa = PBXFileReference; lastKnownFileType = sourcecode.swift; path = UpNextProvider.swift; sourceTree = "<group>"; };
		2A987AE72A7AE70400EE15DF /* UpNextSystemMediumView.swift */ = {isa = PBXFileReference; lastKnownFileType = sourcecode.swift; path = UpNextSystemMediumView.swift; sourceTree = "<group>"; };
		2A987AEA2A7AE76A00EE15DF /* UpNextEntry.swift */ = {isa = PBXFileReference; lastKnownFileType = sourcecode.swift; path = UpNextEntry.swift; sourceTree = "<group>"; };
		2A987AF42A7AEAEC00EE15DF /* UpNextSystemSmallView.swift */ = {isa = PBXFileReference; lastKnownFileType = sourcecode.swift; path = UpNextSystemSmallView.swift; sourceTree = "<group>"; };
		2A9B6C852C0137810020F758 /* SwiftIsland.xctestplan */ = {isa = PBXFileReference; lastKnownFileType = text; path = SwiftIsland.xctestplan; sourceTree = "<group>"; };
		2AB3AE8F2A77FF0E00F3ECB2 /* KeychainManager.swift */ = {isa = PBXFileReference; lastKnownFileType = sourcecode.swift; path = KeychainManager.swift; sourceTree = "<group>"; };
		2AB3AF662A78199600F3ECB2 /* SafariWebView.swift */ = {isa = PBXFileReference; lastKnownFileType = sourcecode.swift; path = SafariWebView.swift; sourceTree = "<group>"; };
		2AC7DCF02A58B5E600DB9F6D /* ConferenceBoxFAQ.swift */ = {isa = PBXFileReference; lastKnownFileType = sourcecode.swift; path = ConferenceBoxFAQ.swift; sourceTree = "<group>"; };
		2AC7DD062A58CD2000DB9F6D /* FAQListView.swift */ = {isa = PBXFileReference; lastKnownFileType = sourcecode.swift; path = FAQListView.swift; sourceTree = "<group>"; };
		2AC7DD082A58CFDD00DB9F6D /* ConferenceBoxFAQItem.swift */ = {isa = PBXFileReference; lastKnownFileType = sourcecode.swift; path = ConferenceBoxFAQItem.swift; sourceTree = "<group>"; };
		2AC7DD0A2A58D07E00DB9F6D /* View+Preview.swift */ = {isa = PBXFileReference; lastKnownFileType = sourcecode.swift; path = "View+Preview.swift"; sourceTree = "<group>"; };
		2AC7DD0E2A59F37D00DB9F6D /* PracticalPageView.swift */ = {isa = PBXFileReference; lastKnownFileType = sourcecode.swift; path = PracticalPageView.swift; sourceTree = "<group>"; };
		2ACF55A32A605BA300C051FC /* GettingThereMapView.swift */ = {isa = PBXFileReference; lastKnownFileType = sourcecode.swift; path = GettingThereMapView.swift; sourceTree = "<group>"; };
		2AE242552A4F8210007FFCC5 /* SwiftIslandApp.entitlements */ = {isa = PBXFileReference; lastKnownFileType = text.plist.entitlements; path = SwiftIslandApp.entitlements; sourceTree = "<group>"; };
		2AE43FAB2A6B1A8C009078E3 /* View+PercentageOffset.swift */ = {isa = PBXFileReference; lastKnownFileType = sourcecode.swift; path = "View+PercentageOffset.swift"; sourceTree = "<group>"; };
		2AE43FFE2A702999009078E3 /* ConferenceBoxEvent.swift */ = {isa = PBXFileReference; lastKnownFileType = sourcecode.swift; path = ConferenceBoxEvent.swift; sourceTree = "<group>"; };
		2AE440002A702BC0009078E3 /* Date+Formatting.swift */ = {isa = PBXFileReference; lastKnownFileType = sourcecode.swift; path = "Date+Formatting.swift"; sourceTree = "<group>"; };
		2AE440032A705C8B009078E3 /* ScheduleView.swift */ = {isa = PBXFileReference; lastKnownFileType = sourcecode.swift; path = ScheduleView.swift; sourceTree = "<group>"; };
		2AE440052A705E5C009078E3 /* ScheduleCalendarView.swift */ = {isa = PBXFileReference; lastKnownFileType = sourcecode.swift; path = ScheduleCalendarView.swift; sourceTree = "<group>"; };
		2AE440072A706211009078E3 /* ScheduleTimelineView.swift */ = {isa = PBXFileReference; lastKnownFileType = sourcecode.swift; path = ScheduleTimelineView.swift; sourceTree = "<group>"; };
		2AE4400D2A717CE4009078E3 /* EventView.swift */ = {isa = PBXFileReference; lastKnownFileType = sourcecode.swift; path = EventView.swift; sourceTree = "<group>"; };
		2AE45DA62A7D42B800AF2B9D /* SourceView.swift */ = {isa = PBXFileReference; lastKnownFileType = sourcecode.swift; path = SourceView.swift; sourceTree = "<group>"; };
		2AE45DA82A7D617400AF2B9D /* ConferenceBoxWeather.swift */ = {isa = PBXFileReference; lastKnownFileType = sourcecode.swift; path = ConferenceBoxWeather.swift; sourceTree = "<group>"; };
		2AECBFB42A95DB43001FBFA9 /* Secrets.json */ = {isa = PBXFileReference; lastKnownFileType = text.json; path = Secrets.json; sourceTree = "<group>"; };
		2AEDC4932A4A030F00CD0180 /* Swift Island.app */ = {isa = PBXFileReference; explicitFileType = wrapper.application; includeInIndex = 0; path = "Swift Island.app"; sourceTree = BUILT_PRODUCTS_DIR; };
		2AEDC4962A4A030F00CD0180 /* MainApp.swift */ = {isa = PBXFileReference; lastKnownFileType = sourcecode.swift; path = MainApp.swift; sourceTree = "<group>"; };
		2AEDC49A2A4A031000CD0180 /* Assets.xcassets */ = {isa = PBXFileReference; lastKnownFileType = folder.assetcatalog; path = Assets.xcassets; sourceTree = "<group>"; };
		2AEDC49D2A4A031000CD0180 /* Preview Assets.xcassets */ = {isa = PBXFileReference; lastKnownFileType = folder.assetcatalog; path = "Preview Assets.xcassets"; sourceTree = "<group>"; };
		2AEDC4A32A4A031100CD0180 /* SwiftIslandAppTests.xctest */ = {isa = PBXFileReference; explicitFileType = wrapper.cfbundle; includeInIndex = 0; path = SwiftIslandAppTests.xctest; sourceTree = BUILT_PRODUCTS_DIR; };
		2AEDC4C22A4A089100CD0180 /* ConferencePageView.swift */ = {isa = PBXFileReference; lastKnownFileType = sourcecode.swift; path = ConferencePageView.swift; sourceTree = "<group>"; };
		2AEDC4C52A4A08AF00CD0180 /* TabBarView.swift */ = {isa = PBXFileReference; lastKnownFileType = sourcecode.swift; path = TabBarView.swift; sourceTree = "<group>"; };
		2AF19ED22A7B04A500134E0B /* ConferencePageContentView.swift */ = {isa = PBXFileReference; lastKnownFileType = sourcecode.swift; path = ConferencePageContentView.swift; sourceTree = "<group>"; };
		2AFAA1FB2C77D492005C4C7A /* MentorListView.swift */ = {isa = PBXFileReference; lastKnownFileType = sourcecode.swift; path = MentorListView.swift; sourceTree = "<group>"; };
		2AFAA1FC2C77D492005C4C7A /* MentorPageView.swift */ = {isa = PBXFileReference; lastKnownFileType = sourcecode.swift; path = MentorPageView.swift; sourceTree = "<group>"; };
		2AFC45FB2BFFEF8200B135F5 /* Acknowledgements.plist */ = {isa = PBXFileReference; fileEncoding = 4; lastKnownFileType = text.plist.xml; path = Acknowledgements.plist; sourceTree = "<group>"; };
		2AFC76732C79EB48008B5E11 /* MatchedGeometryExample.swift */ = {isa = PBXFileReference; lastKnownFileType = sourcecode.swift; path = MatchedGeometryExample.swift; sourceTree = "<group>"; };
		2AFC76742C79EB48008B5E11 /* NavigationDestinationExample.swift */ = {isa = PBXFileReference; lastKnownFileType = sourcecode.swift; path = NavigationDestinationExample.swift; sourceTree = "<group>"; };
		2AFC767C2C79ECD3008B5E11 /* ConferenceBoxMentorsWorkshop.swift */ = {isa = PBXFileReference; lastKnownFileType = sourcecode.swift; path = ConferenceBoxMentorsWorkshop.swift; sourceTree = "<group>"; };
		2E19CADD2A7EEC9700177B61 /* UpNextSystemLargeView.swift */ = {isa = PBXFileReference; lastKnownFileType = sourcecode.swift; path = UpNextSystemLargeView.swift; sourceTree = "<group>"; };
		2E19CADF2A7EF7B100177B61 /* UpNextSystemRectangularView.swift */ = {isa = PBXFileReference; lastKnownFileType = sourcecode.swift; path = UpNextSystemRectangularView.swift; sourceTree = "<group>"; };
		2E19CAE12A7EFD9800177B61 /* UpNextSystemCircularView.swift */ = {isa = PBXFileReference; lastKnownFileType = sourcecode.swift; path = UpNextSystemCircularView.swift; sourceTree = "<group>"; };
		B332ADF12A9A813900557AA7 /* truchet-tiles.pdf */ = {isa = PBXFileReference; lastKnownFileType = image.pdf; path = "truchet-tiles.pdf"; sourceTree = "<group>"; };
		B332ADF22A9A813B00557AA7 /* double-names.pdf */ = {isa = PBXFileReference; lastKnownFileType = image.pdf; path = "double-names.pdf"; sourceTree = "<group>"; };
		B332ADF32A9A813B00557AA7 /* valuta.pdf */ = {isa = PBXFileReference; lastKnownFileType = image.pdf; path = valuta.pdf; sourceTree = "<group>"; };
		B332ADF42A9A813B00557AA7 /* game-of-life.pdf */ = {isa = PBXFileReference; lastKnownFileType = image.pdf; path = "game-of-life.pdf"; sourceTree = "<group>"; };
		B332ADF52A9A813C00557AA7 /* marquee.pdf */ = {isa = PBXFileReference; lastKnownFileType = image.pdf; path = marquee.pdf; sourceTree = "<group>"; };
		B332ADF62A9A813C00557AA7 /* mills.pdf */ = {isa = PBXFileReference; lastKnownFileType = image.pdf; path = mills.pdf; sourceTree = "<group>"; };
		B340138E2A9EA479008A9C21 /* rebus.pdf */ = {isa = PBXFileReference; lastKnownFileType = image.pdf; path = rebus.pdf; sourceTree = "<group>"; };
		B35057F02A9DD19700B71436 /* elements.pdf */ = {isa = PBXFileReference; lastKnownFileType = image.pdf; path = elements.pdf; sourceTree = "<group>"; };
		B35057F22A9DD1F900B71436 /* the-key.pdf */ = {isa = PBXFileReference; lastKnownFileType = image.pdf; path = "the-key.pdf"; sourceTree = "<group>"; };
		B35057F42A9DD20800B71436 /* safe.pdf */ = {isa = PBXFileReference; lastKnownFileType = image.pdf; path = safe.pdf; sourceTree = "<group>"; };
		B35057F82A9DD23C00B71436 /* farmers-wedding.pdf */ = {isa = PBXFileReference; lastKnownFileType = image.pdf; path = "farmers-wedding.pdf"; sourceTree = "<group>"; };
		B35057FA2A9DD24400B71436 /* mystery-museum.pdf */ = {isa = PBXFileReference; lastKnownFileType = image.pdf; path = "mystery-museum.pdf"; sourceTree = "<group>"; };
		B354DDE42A9BEEE700C24461 /* Utils.swift */ = {isa = PBXFileReference; lastKnownFileType = sourcecode.swift; path = Utils.swift; sourceTree = "<group>"; };
		B362F5E02AA1044F00AFE1EE /* ConferenceBoxSponsors.swift */ = {isa = PBXFileReference; lastKnownFileType = sourcecode.swift; path = ConferenceBoxSponsors.swift; sourceTree = "<group>"; };
		B3733D732A9951B10069D490 /* PuzzleView.swift */ = {isa = PBXFileReference; fileEncoding = 4; lastKnownFileType = sourcecode.swift; path = PuzzleView.swift; sourceTree = "<group>"; };
		B3733D752A9951B10069D490 /* PuzzleItemView.swift */ = {isa = PBXFileReference; fileEncoding = 4; lastKnownFileType = sourcecode.swift; path = PuzzleItemView.swift; sourceTree = "<group>"; };
		B3733D762A9951B10069D490 /* PuzzlePageView.swift */ = {isa = PBXFileReference; fileEncoding = 4; lastKnownFileType = sourcecode.swift; path = PuzzlePageView.swift; sourceTree = "<group>"; };
		B3C626412A942291002754A8 /* WebView.swift */ = {isa = PBXFileReference; lastKnownFileType = sourcecode.swift; path = WebView.swift; sourceTree = "<group>"; };
		B3C626432A94956A002754A8 /* TicketEditView.swift */ = {isa = PBXFileReference; lastKnownFileType = sourcecode.swift; path = TicketEditView.swift; sourceTree = "<group>"; };
		B3F443022A9765E700AFDF43 /* TicketAddButton.swift */ = {isa = PBXFileReference; lastKnownFileType = sourcecode.swift; path = TicketAddButton.swift; sourceTree = "<group>"; };
		B3F7EEF32A86D6BB001D69B6 /* TicketsView.swift */ = {isa = PBXFileReference; lastKnownFileType = sourcecode.swift; path = TicketsView.swift; sourceTree = "<group>"; };
/* End PBXFileReference section */

/* Begin PBXFrameworksBuildPhase section */
		2A987AC22A7AE4AF00EE15DF /* Frameworks */ = {
			isa = PBXFrameworksBuildPhase;
			buildActionMask = 2147483647;
			files = (
				2A987AC92A7AE4AF00EE15DF /* SwiftUI.framework in Frameworks */,
				2A987AC72A7AE4AF00EE15DF /* WidgetKit.framework in Frameworks */,
				2A987AF22A7AEA3700EE15DF /* SwiftIslandDataLogic in Frameworks */,
			);
			runOnlyForDeploymentPostprocessing = 0;
		};
		2AEDC4902A4A030F00CD0180 /* Frameworks */ = {
			isa = PBXFrameworksBuildPhase;
			buildActionMask = 2147483647;
			files = (
				2A7F128B2A69CB2C007C28EA /* Defaults in Frameworks */,
				2A3AB6592A7871030089CF7E /* SwiftIslandDataLogic in Frameworks */,
				2A77AD8E2C0527AE00610250 /* AckGen in Frameworks */,
				2A77AD902C0527AE00610250 /* AckGenUI in Frameworks */,
			);
			runOnlyForDeploymentPostprocessing = 0;
		};
		2AEDC4A02A4A031100CD0180 /* Frameworks */ = {
			isa = PBXFrameworksBuildPhase;
			buildActionMask = 2147483647;
			files = (
			);
			runOnlyForDeploymentPostprocessing = 0;
		};
/* End PBXFrameworksBuildPhase section */

/* Begin PBXGroup section */
		2A16EB342A4CDA3200CC881D /* HeaderView */ = {
			isa = PBXGroup;
			children = (
				2A16EB352A4CDA4200CC881D /* ConferenceHeaderView.swift */,
			);
			path = HeaderView;
			sourceTree = "<group>";
		};
		2A16EB372A4CDB0400CC881D /* Resources */ = {
			isa = PBXGroup;
			children = (
				B332ADF02A9A812500557AA7 /* Puzzles */,
				2A16EB382A4CDB3600CC881D /* Fonts */,
				2AECBFB42A95DB43001FBFA9 /* Secrets.json */,
				2A7AF8DA2BFFCCF400038E0D /* PrivacyInfo.xcprivacy */,
			);
			path = Resources;
			sourceTree = "<group>";
		};
		2A16EB382A4CDB3600CC881D /* Fonts */ = {
			isa = PBXGroup;
			children = (
				2A16EB392A4CDB3600CC881D /* WorkSans-Regular.ttf */,
				2A16EB3A2A4CDB3600CC881D /* WorkSans-Bold.ttf */,
			);
			path = Fonts;
			sourceTree = "<group>";
		};
		2A16EB3D2A4CDB3A00CC881D /* Extensions */ = {
			isa = PBXGroup;
			children = (
				2A16EB402A4CDD4A00CC881D /* Color+Helper.swift */,
				2AE440002A702BC0009078E3 /* Date+Formatting.swift */,
				2A7F12802A64891F007C28EA /* LinearGradient.swift */,
				2AE43FAB2A6B1A8C009078E3 /* View+PercentageOffset.swift */,
				2AC7DD0A2A58D07E00DB9F6D /* View+Preview.swift */,
				2A3AB65A2A78744B0089CF7E /* ActivityType+Color.swift */,
				2A37FB8F2A7C14CB0062E63A /* UIDevice+HasNotch.swift */,
				2A37FB992A7D3F890062E63A /* Bundle+Version.swift */,
			);
			path = Extensions;
			sourceTree = "<group>";
		};
		2A16EB432A4F621B00CC881D /* Boxes */ = {
			isa = PBXGroup;
			children = (
				2AE43FFE2A702999009078E3 /* ConferenceBoxEvent.swift */,
				2AC7DCF02A58B5E600DB9F6D /* ConferenceBoxFAQ.swift */,
				2AC7DD082A58CFDD00DB9F6D /* ConferenceBoxFAQItem.swift */,
				2A16EB442A4F622800CC881D /* ConferenceBoxTicket.swift */,
				2A37FB692A7B06AE0062E63A /* ConferenceBoxMentors.swift */,
				2AE45DA82A7D617400AF2B9D /* ConferenceBoxWeather.swift */,
				B362F5E02AA1044F00AFE1EE /* ConferenceBoxSponsors.swift */,
			);
			path = Boxes;
			sourceTree = "<group>";
		};
		2A18CE392A76E70800969214 /* Packlist */ = {
			isa = PBXGroup;
			children = (
				2A18CE3A2A76E71900969214 /* PacklistView.swift */,
			);
			path = Packlist;
			sourceTree = "<group>";
		};
		2A18CE402A773CFE00969214 /* Practical */ = {
			isa = PBXGroup;
			children = (
				2ACF55A22A605B9300C051FC /* GettingThere */,
				2A7F128F2A69D9C7007C28EA /* PracticalGenericPageView.swift */,
				2A18CE412A773D3A00969214 /* SectionBeforeYouLeave.swift */,
				2A18CE432A773D7F00969214 /* SectionGettingHere.swift */,
			);
			path = Practical;
			sourceTree = "<group>";
		};
		2A3AB6552A7870C80089CF7E /* Packages */ = {
			isa = PBXGroup;
			children = (
				2A3AB6562A7870C80089CF7E /* SwiftIslandDataLogic */,
			);
			name = Packages;
			sourceTree = "<group>";
		};
		2A3AB6572A7871030089CF7E /* Frameworks */ = {
			isa = PBXGroup;
			children = (
				2A987AC62A7AE4AF00EE15DF /* WidgetKit.framework */,
				2A987AC82A7AE4AF00EE15DF /* SwiftUI.framework */,
			);
			name = Frameworks;
			sourceTree = "<group>";
		};
		2A659B162BFFE2B100A57501 /* SwiftIslandApp */ = {
			isa = PBXGroup;
			children = (
				2A659B132BFFE2B100A57501 /* SwiftIslandApp-Debug.xcconfig */,
				2A659B142BFFE2B100A57501 /* SwiftIslandApp-Release.xcconfig */,
				2A659B152BFFE2B100A57501 /* SwiftIslandApp-Shared.xcconfig */,
			);
			path = SwiftIslandApp;
			sourceTree = "<group>";
		};
		2A659B1A2BFFE2B100A57501 /* SwiftIslandAppTests */ = {
			isa = PBXGroup;
			children = (
				2A659B172BFFE2B100A57501 /* SwiftIslandAppTests-Debug.xcconfig */,
				2A659B182BFFE2B100A57501 /* SwiftIslandAppTests-Release.xcconfig */,
				2A659B192BFFE2B100A57501 /* SwiftIslandAppTests-Shared.xcconfig */,
			);
			path = SwiftIslandAppTests;
			sourceTree = "<group>";
		};
		2A659B1E2BFFE2B100A57501 /* SwiftIslandWidgetsExtension */ = {
			isa = PBXGroup;
			children = (
				2A659B1B2BFFE2B100A57501 /* SwiftIslandWidgetsExtension-Debug.xcconfig */,
				2A659B1C2BFFE2B100A57501 /* SwiftIslandWidgetsExtension-Release.xcconfig */,
				2A659B1D2BFFE2B100A57501 /* SwiftIslandWidgetsExtension-Shared.xcconfig */,
			);
			path = SwiftIslandWidgetsExtension;
			sourceTree = "<group>";
		};
		2A659B222BFFE2B100A57501 /* xcconfig */ = {
			isa = PBXGroup;
			children = (
				2A659B162BFFE2B100A57501 /* SwiftIslandApp */,
				2A659B1A2BFFE2B100A57501 /* SwiftIslandAppTests */,
				2A659B1E2BFFE2B100A57501 /* SwiftIslandWidgetsExtension */,
				2A659B1F2BFFE2B100A57501 /* Project-Debug.xcconfig */,
				2A659B202BFFE2B100A57501 /* Project-Release.xcconfig */,
				2A659B212BFFE2B100A57501 /* Project-Shared.xcconfig */,
			);
			path = xcconfig;
			sourceTree = "<group>";
		};
		2A659B232BFFE2B100A57501 /* Config */ = {
			isa = PBXGroup;
			children = (
				2A659B222BFFE2B100A57501 /* xcconfig */,
			);
			path = Config;
			sourceTree = "<group>";
		};
		2A659B242BFFE2B100A57501 /* Shared */ = {
			isa = PBXGroup;
			children = (
				2A659B232BFFE2B100A57501 /* Config */,
			);
			path = Shared;
			sourceTree = "<group>";
		};
		2A7F12752A6401B9007C28EA /* Utilities */ = {
			isa = PBXGroup;
			children = (
				2A7F12952A6B14CD007C28EA /* AppDataModel.swift */,
				2A7F128C2A69CC39007C28EA /* Defaults.swift */,
				2AB3AE8F2A77FF0E00F3ECB2 /* KeychainManager.swift */,
				2A7F12842A65DBEA007C28EA /* LocationManager.swift */,
				2A7F12762A6401C4007C28EA /* NFCManager.swift */,
				2AB3AF662A78199600F3ECB2 /* SafariWebView.swift */,
				2A7F12782A640730007C28EA /* ScrollViewOffset.swift */,
				2A7F12822A648C59007C28EA /* SwiftIslandButtonStyle.swift */,
				2A7F12972A6B19E0007C28EA /* SwiftIslandLogo.swift */,
				B3C626412A942291002754A8 /* WebView.swift */,
			);
			path = Utilities;
			sourceTree = "<group>";
		};
		2A7F127D2A6488E2007C28EA /* Map */ = {
			isa = PBXGroup;
			children = (
				2A7F127E2A6488EC007C28EA /* RequestLocationView.swift */,
				2A090BD62A71B0E9003553D2 /* MapView.swift */,
				2A090BD82A71BAFF003553D2 /* PlaceAnnotationView.swift */,
			);
			path = Map;
			sourceTree = "<group>";
		};
		2A987ACA2A7AE4AF00EE15DF /* SwiftIslandWidgets */ = {
			isa = PBXGroup;
			children = (
				2A987ADE2A7AE4F000EE15DF /* Widgets */,
				2A987ACB2A7AE4AF00EE15DF /* SwiftIslandWidgetsBundle.swift */,
				2A987AD22A7AE4B000EE15DF /* Assets.xcassets */,
				2A987AD42A7AE4B000EE15DF /* Info.plist */,
			);
			path = SwiftIslandWidgets;
			sourceTree = "<group>";
		};
		2A987ADE2A7AE4F000EE15DF /* Widgets */ = {
			isa = PBXGroup;
			children = (
				2A987ADF2A7AE4F300EE15DF /* UpNext */,
			);
			path = Widgets;
			sourceTree = "<group>";
		};
		2A987ADF2A7AE4F300EE15DF /* UpNext */ = {
			isa = PBXGroup;
			children = (
				2A987AE92A7AE76100EE15DF /* Entries */,
				2A987AE62A7AE6D300EE15DF /* Views */,
				2A987AE02A7AE51C00EE15DF /* UpNextWidget.swift */,
				2A987AE42A7AE6AA00EE15DF /* UpNextProvider.swift */,
			);
			path = UpNext;
			sourceTree = "<group>";
		};
		2A987AE62A7AE6D300EE15DF /* Views */ = {
			isa = PBXGroup;
			children = (
				2A987AE22A7AE54E00EE15DF /* UpNextEntryView.swift */,
				2E19CADF2A7EF7B100177B61 /* UpNextSystemRectangularView.swift */,
				2E19CAE12A7EFD9800177B61 /* UpNextSystemCircularView.swift */,
				2A987AE72A7AE70400EE15DF /* UpNextSystemMediumView.swift */,
				2E19CADD2A7EEC9700177B61 /* UpNextSystemLargeView.swift */,
				2A987AF42A7AEAEC00EE15DF /* UpNextSystemSmallView.swift */,
			);
			path = Views;
			sourceTree = "<group>";
		};
		2A987AE92A7AE76100EE15DF /* Entries */ = {
			isa = PBXGroup;
			children = (
				2A987AEA2A7AE76A00EE15DF /* UpNextEntry.swift */,
			);
			path = Entries;
			sourceTree = "<group>";
		};
		2AC7DD052A58CD1100DB9F6D /* FAQ */ = {
			isa = PBXGroup;
			children = (
				2AC7DD062A58CD2000DB9F6D /* FAQListView.swift */,
			);
			path = FAQ;
			sourceTree = "<group>";
		};
		2AC7DD0C2A59F36C00DB9F6D /* Practical */ = {
			isa = PBXGroup;
			children = (
				B3733D722A9951600069D490 /* Spot the Seal */,
				B3F7EEF52A86D6C5001D69B6 /* Tickets */,
				2A18CE402A773CFE00969214 /* Practical */,
				2A7F127D2A6488E2007C28EA /* Map */,
				2A18CE392A76E70800969214 /* Packlist */,
				2AC7DD0E2A59F37D00DB9F6D /* PracticalPageView.swift */,
				2AE45DA62A7D42B800AF2B9D /* SourceView.swift */,
			);
			path = Practical;
			sourceTree = "<group>";
		};
		2AC7DD102A5B1FBF00DB9F6D /* Mentors */ = {
			isa = PBXGroup;
			children = (
				2A17F0C12A6075BF0055E214 /* MentorView.swift */,
			);
			path = Mentors;
			sourceTree = "<group>";
		};
		2ACF55A22A605B9300C051FC /* GettingThere */ = {
			isa = PBXGroup;
			children = (
				2ACF55A32A605BA300C051FC /* GettingThereMapView.swift */,
				2A7F12872A65E354007C28EA /* SectionAtTheConferenceNotActivated.swift */,
			);
			path = GettingThere;
			sourceTree = "<group>";
		};
		2AE440022A705C55009078E3 /* Schedule */ = {
			isa = PBXGroup;
			children = (
				2AE4400D2A717CE4009078E3 /* EventView.swift */,
				2AE440052A705E5C009078E3 /* ScheduleCalendarView.swift */,
				2AE440072A706211009078E3 /* ScheduleTimelineView.swift */,
				2AE440032A705C8B009078E3 /* ScheduleView.swift */,
				2A18CE452A77403800969214 /* EventDetailsView.swift */,
			);
			path = Schedule;
			sourceTree = "<group>";
		};
		2AECBFB12A95D769001FBFA9 /* ci_scripts */ = {
			isa = PBXGroup;
			children = (
				2A542B9C2AA0C4F500E8C0C8 /* ci_post_clone.sh */,
			);
			path = ci_scripts;
			sourceTree = "<group>";
		};
		2AEDC48A2A4A030F00CD0180 = {
			isa = PBXGroup;
			children = (
				2A9B6C852C0137810020F758 /* SwiftIsland.xctestplan */,
				2A659B242BFFE2B100A57501 /* Shared */,
				2AECBFB12A95D769001FBFA9 /* ci_scripts */,
				2A3AB6552A7870C80089CF7E /* Packages */,
				2AEDC4952A4A030F00CD0180 /* SwiftIslandApp */,
				2AEDC4A62A4A031100CD0180 /* SwiftIslandAppTests */,
				2A987ACA2A7AE4AF00EE15DF /* SwiftIslandWidgets */,
				2AEDC4942A4A030F00CD0180 /* Products */,
				2A3AB6572A7871030089CF7E /* Frameworks */,
				2AFC45FB2BFFEF8200B135F5 /* Acknowledgements.plist */,
				2A16EB632A4F6CC200CC881D /* GoogleService-Info.plist */,
				2A16EB422A4CDEFC00CC881D /* SwiftIslandApp-Info.plist */,
			);
			sourceTree = "<group>";
		};
		2AEDC4942A4A030F00CD0180 /* Products */ = {
			isa = PBXGroup;
			children = (
				2AEDC4932A4A030F00CD0180 /* Swift Island.app */,
				2AEDC4A32A4A031100CD0180 /* SwiftIslandAppTests.xctest */,
				2A987AC52A7AE4AF00EE15DF /* SwiftIslandWidgetsExtension.appex */,
			);
			name = Products;
			sourceTree = "<group>";
		};
		2AEDC4952A4A030F00CD0180 /* SwiftIslandApp */ = {
			isa = PBXGroup;
			children = (
				2AFAA1FD2C77D492005C4C7A /* WorkshopiPadOs */,
				2A16EB3D2A4CDB3A00CC881D /* Extensions */,
				2AEDC4C02A4A086F00CD0180 /* Pages */,
				2AEDC49C2A4A031000CD0180 /* Preview Content */,
				2A16EB372A4CDB0400CC881D /* Resources */,
				2A7F12752A6401B9007C28EA /* Utilities */,
				2AEDC49A2A4A031000CD0180 /* Assets.xcassets */,
				2AEDC4962A4A030F00CD0180 /* MainApp.swift */,
				2AE242552A4F8210007FFCC5 /* SwiftIslandApp.entitlements */,
			);
			path = SwiftIslandApp;
			sourceTree = "<group>";
		};
		2AEDC49C2A4A031000CD0180 /* Preview Content */ = {
			isa = PBXGroup;
			children = (
				2AEDC49D2A4A031000CD0180 /* Preview Assets.xcassets */,
			);
			path = "Preview Content";
			sourceTree = "<group>";
		};
		2AEDC4A62A4A031100CD0180 /* SwiftIslandAppTests */ = {
			isa = PBXGroup;
			children = (
				2A987A9E2A7ADDF200EE15DF /* AddDataModelTests.swift */,
			);
			path = SwiftIslandAppTests;
			sourceTree = "<group>";
		};
		2AEDC4C02A4A086F00CD0180 /* Pages */ = {
			isa = PBXGroup;
			children = (
				2AEDC4C42A4A08A600CD0180 /* Common */,
				2AEDC4C12A4A087400CD0180 /* Conference */,
				2AC7DD0C2A59F36C00DB9F6D /* Practical */,
				2AE440022A705C55009078E3 /* Schedule */,
			);
			path = Pages;
			sourceTree = "<group>";
		};
		2AEDC4C12A4A087400CD0180 /* Conference */ = {
			isa = PBXGroup;
			children = (
				2AC7DD102A5B1FBF00DB9F6D /* Mentors */,
				2AC7DD052A58CD1100DB9F6D /* FAQ */,
				2A16EB432A4F621B00CC881D /* Boxes */,
				2A16EB342A4CDA3200CC881D /* HeaderView */,
				2AEDC4C22A4A089100CD0180 /* ConferencePageView.swift */,
				2AF19ED22A7B04A500134E0B /* ConferencePageContentView.swift */,
			);
			path = Conference;
			sourceTree = "<group>";
		};
		2AEDC4C42A4A08A600CD0180 /* Common */ = {
			isa = PBXGroup;
			children = (
				2AEDC4C52A4A08AF00CD0180 /* TabBarView.swift */,
			);
			path = Common;
			sourceTree = "<group>";
		};
		2AFAA1FD2C77D492005C4C7A /* WorkshopiPadOs */ = {
			isa = PBXGroup;
			children = (
				2AFC767B2C79EBBE008B5E11 /* Sidebar */,
				2AFC76782C79EB5F008B5E11 /* Zoom */,
			);
			path = WorkshopiPadOs;
			sourceTree = "<group>";
		};
		2AFC76782C79EB5F008B5E11 /* Zoom */ = {
			isa = PBXGroup;
			children = (
				2AFC76732C79EB48008B5E11 /* MatchedGeometryExample.swift */,
				2AFC76742C79EB48008B5E11 /* NavigationDestinationExample.swift */,
				2AFC767C2C79ECD3008B5E11 /* ConferenceBoxMentorsWorkshop.swift */,
			);
			path = Zoom;
			sourceTree = "<group>";
		};
		2AFC767B2C79EBBE008B5E11 /* Sidebar */ = {
			isa = PBXGroup;
			children = (
				2AFAA1FB2C77D492005C4C7A /* MentorListView.swift */,
				2AFAA1FC2C77D492005C4C7A /* MentorPageView.swift */,
			);
			path = Sidebar;
			sourceTree = "<group>";
		};
		B332ADF02A9A812500557AA7 /* Puzzles */ = {
			isa = PBXGroup;
			children = (
				B340138E2A9EA479008A9C21 /* rebus.pdf */,
				B35057FA2A9DD24400B71436 /* mystery-museum.pdf */,
				B35057F82A9DD23C00B71436 /* farmers-wedding.pdf */,
				B35057F42A9DD20800B71436 /* safe.pdf */,
				B35057F22A9DD1F900B71436 /* the-key.pdf */,
				B35057F02A9DD19700B71436 /* elements.pdf */,
				B332ADF22A9A813B00557AA7 /* double-names.pdf */,
				B332ADF42A9A813B00557AA7 /* game-of-life.pdf */,
				B332ADF52A9A813C00557AA7 /* marquee.pdf */,
				B332ADF62A9A813C00557AA7 /* mills.pdf */,
				B332ADF12A9A813900557AA7 /* truchet-tiles.pdf */,
				B332ADF32A9A813B00557AA7 /* valuta.pdf */,
			);
			path = Puzzles;
			sourceTree = "<group>";
		};
		B3733D722A9951600069D490 /* Spot the Seal */ = {
			isa = PBXGroup;
			children = (
				B3733D762A9951B10069D490 /* PuzzlePageView.swift */,
				B3733D752A9951B10069D490 /* PuzzleItemView.swift */,
				B3733D732A9951B10069D490 /* PuzzleView.swift */,
				B354DDE42A9BEEE700C24461 /* Utils.swift */,
			);
			path = "Spot the Seal";
			sourceTree = "<group>";
		};
		B3F7EEF52A86D6C5001D69B6 /* Tickets */ = {
			isa = PBXGroup;
			children = (
				B3F7EEF32A86D6BB001D69B6 /* TicketsView.swift */,
				B3C626432A94956A002754A8 /* TicketEditView.swift */,
				B3F443022A9765E700AFDF43 /* TicketAddButton.swift */,
			);
			path = Tickets;
			sourceTree = "<group>";
		};
/* End PBXGroup section */

/* Begin PBXNativeTarget section */
		2A987AC42A7AE4AF00EE15DF /* SwiftIslandWidgetsExtension */ = {
			isa = PBXNativeTarget;
			buildConfigurationList = 2A987ADD2A7AE4B000EE15DF /* Build configuration list for PBXNativeTarget "SwiftIslandWidgetsExtension" */;
			buildPhases = (
				2A987AC12A7AE4AF00EE15DF /* Sources */,
				2A987AC22A7AE4AF00EE15DF /* Frameworks */,
				2A987AC32A7AE4AF00EE15DF /* Resources */,
			);
			buildRules = (
			);
			dependencies = (
			);
			name = SwiftIslandWidgetsExtension;
			packageProductDependencies = (
				2A987AF12A7AEA3700EE15DF /* SwiftIslandDataLogic */,
			);
			productName = SwiftIslandWidgetsExtension;
			productReference = 2A987AC52A7AE4AF00EE15DF /* SwiftIslandWidgetsExtension.appex */;
			productType = "com.apple.product-type.app-extension";
		};
		2AEDC4922A4A030F00CD0180 /* SwiftIslandApp */ = {
			isa = PBXNativeTarget;
			buildConfigurationList = 2AEDC4B72A4A031100CD0180 /* Build configuration list for PBXNativeTarget "SwiftIslandApp" */;
			buildPhases = (
				2A37FB962A7D3EBE0062E63A /* Generating Acknowledgement */,
				2AEDC48F2A4A030F00CD0180 /* Sources */,
				2AEDC4902A4A030F00CD0180 /* Frameworks */,
				2AEDC4912A4A030F00CD0180 /* Resources */,
				2A987AD92A7AE4B000EE15DF /* Embed Foundation Extensions */,
			);
			buildRules = (
			);
			dependencies = (
				2A987AD82A7AE4B000EE15DF /* PBXTargetDependency */,
			);
			name = SwiftIslandApp;
			packageProductDependencies = (
				2A7F128A2A69CB2C007C28EA /* Defaults */,
				2A3AB6582A7871030089CF7E /* SwiftIslandDataLogic */,
				2A77AD8D2C0527AE00610250 /* AckGen */,
				2A77AD8F2C0527AE00610250 /* AckGenUI */,
			);
			productName = SwiftIsland;
			productReference = 2AEDC4932A4A030F00CD0180 /* Swift Island.app */;
			productType = "com.apple.product-type.application";
		};
		2AEDC4A22A4A031100CD0180 /* SwiftIslandAppTests */ = {
			isa = PBXNativeTarget;
			buildConfigurationList = 2AEDC4BA2A4A031100CD0180 /* Build configuration list for PBXNativeTarget "SwiftIslandAppTests" */;
			buildPhases = (
				2AEDC49F2A4A031100CD0180 /* Sources */,
				2AEDC4A02A4A031100CD0180 /* Frameworks */,
				2AEDC4A12A4A031100CD0180 /* Resources */,
			);
			buildRules = (
			);
			dependencies = (
				2AEDC4A52A4A031100CD0180 /* PBXTargetDependency */,
			);
			name = SwiftIslandAppTests;
			packageProductDependencies = (
			);
			productName = SwiftIslandTests;
			productReference = 2AEDC4A32A4A031100CD0180 /* SwiftIslandAppTests.xctest */;
			productType = "com.apple.product-type.bundle.unit-test";
		};
/* End PBXNativeTarget section */

/* Begin PBXProject section */
		2AEDC48B2A4A030F00CD0180 /* Project object */ = {
			isa = PBXProject;
			attributes = {
				BuildIndependentTargetsInParallel = 1;
				LastSwiftUpdateCheck = 1430;
				LastUpgradeCheck = 1530;
				ORGANIZATIONNAME = "AppTrix AB";
				TargetAttributes = {
					2A987AC42A7AE4AF00EE15DF = {
						CreatedOnToolsVersion = 14.3;
					};
					2AEDC4922A4A030F00CD0180 = {
						CreatedOnToolsVersion = 14.3;
					};
					2AEDC4A22A4A031100CD0180 = {
						CreatedOnToolsVersion = 14.3;
						TestTargetID = 2AEDC4922A4A030F00CD0180;
					};
				};
			};
			buildConfigurationList = 2AEDC48E2A4A030F00CD0180 /* Build configuration list for PBXProject "SwiftIslandApp" */;
			compatibilityVersion = "Xcode 14.0";
			developmentRegion = en;
			hasScannedForEncodings = 0;
			knownRegions = (
				en,
				Base,
			);
			mainGroup = 2AEDC48A2A4A030F00CD0180;
			packageReferences = (
				2A7F12892A69CB2C007C28EA /* XCRemoteSwiftPackageReference "Defaults" */,
				2A77AD8C2C05272B00610250 /* XCRemoteSwiftPackageReference "AckGen" */,
			);
			productRefGroup = 2AEDC4942A4A030F00CD0180 /* Products */;
			projectDirPath = "";
			projectRoot = "";
			targets = (
				2AEDC4922A4A030F00CD0180 /* SwiftIslandApp */,
				2AEDC4A22A4A031100CD0180 /* SwiftIslandAppTests */,
				2A987AC42A7AE4AF00EE15DF /* SwiftIslandWidgetsExtension */,
			);
		};
/* End PBXProject section */

/* Begin PBXResourcesBuildPhase section */
		2A987AC32A7AE4AF00EE15DF /* Resources */ = {
			isa = PBXResourcesBuildPhase;
			buildActionMask = 2147483647;
			files = (
				2A987AD32A7AE4B000EE15DF /* Assets.xcassets in Resources */,
				2A987AF32A7AEA9800EE15DF /* GoogleService-Info.plist in Resources */,
			);
			runOnlyForDeploymentPostprocessing = 0;
		};
		2AEDC4912A4A030F00CD0180 /* Resources */ = {
			isa = PBXResourcesBuildPhase;
			buildActionMask = 2147483647;
			files = (
				2A16EB3B2A4CDB3600CC881D /* WorkSans-Regular.ttf in Resources */,
				2AEDC49E2A4A031000CD0180 /* Preview Assets.xcassets in Resources */,
				B332ADF82A9A813C00557AA7 /* double-names.pdf in Resources */,
				B332ADFB2A9A813C00557AA7 /* marquee.pdf in Resources */,
				2AFC45FC2BFFEF8200B135F5 /* Acknowledgements.plist in Resources */,
				2A16EB642A4F6CC200CC881D /* GoogleService-Info.plist in Resources */,
				2AEDC49B2A4A031000CD0180 /* Assets.xcassets in Resources */,
				B340138F2A9EA479008A9C21 /* rebus.pdf in Resources */,
				B332ADFA2A9A813C00557AA7 /* game-of-life.pdf in Resources */,
				B332ADFC2A9A813C00557AA7 /* mills.pdf in Resources */,
				B35057F32A9DD1F900B71436 /* the-key.pdf in Resources */,
				2AECBFB52A95DD58001FBFA9 /* Secrets.json in Resources */,
				B332ADF72A9A813C00557AA7 /* truchet-tiles.pdf in Resources */,
				B35057F12A9DD19700B71436 /* elements.pdf in Resources */,
				B35057F92A9DD23C00B71436 /* farmers-wedding.pdf in Resources */,
				2A16EB3C2A4CDB3600CC881D /* WorkSans-Bold.ttf in Resources */,
				B332ADF92A9A813C00557AA7 /* valuta.pdf in Resources */,
				B35057FB2A9DD24400B71436 /* mystery-museum.pdf in Resources */,
				B35057F52A9DD20800B71436 /* safe.pdf in Resources */,
			);
			runOnlyForDeploymentPostprocessing = 0;
		};
		2AEDC4A12A4A031100CD0180 /* Resources */ = {
			isa = PBXResourcesBuildPhase;
			buildActionMask = 2147483647;
			files = (
			);
			runOnlyForDeploymentPostprocessing = 0;
		};
/* End PBXResourcesBuildPhase section */

/* Begin PBXShellScriptBuildPhase section */
		2A37FB962A7D3EBE0062E63A /* Generating Acknowledgement */ = {
			isa = PBXShellScriptBuildPhase;
			alwaysOutOfDate = 1;
			buildActionMask = 2147483647;
			files = (
			);
			inputFileListPaths = (
			);
			inputPaths = (
			);
			name = "Generating Acknowledgement";
			outputFileListPaths = (
			);
			outputPaths = (
				"$(SDKROOT)/Acknowledgements.plist",
			);
			runOnlyForDeploymentPostprocessing = 0;
			shellPath = /bin/sh;
			shellScript = "#!/usr/bin/env \nDIR=$PROJECT_TEMP_DIR/../../../SourcePackages/checkouts/AckGen\nif [ -d \"$DIR\" ]; then\n    cd $DIR\n    SDKROOT=(xcrun --sdk macosx --show-sdk-path)\n    swift run ackgen\nelse\n    echo \"warning: AckGen not found. Please install the package via SPM (https://github.com/MartinP7r/AckGen#installation)\"\nfi\n\n";
		};
/* End PBXShellScriptBuildPhase section */

/* Begin PBXSourcesBuildPhase section */
		2A987AC12A7AE4AF00EE15DF /* Sources */ = {
			isa = PBXSourcesBuildPhase;
			buildActionMask = 2147483647;
			files = (
				2A987AF82A7AEBA300EE15DF /* Date+Formatting.swift in Sources */,
				2E19CADE2A7EEC9700177B61 /* UpNextSystemLargeView.swift in Sources */,
				2A987AF72A7AEB9700EE15DF /* Color+Helper.swift in Sources */,
				2A987AF02A7AEA1F00EE15DF /* UpNextProvider.swift in Sources */,
				2A987AF92A7AEC4300EE15DF /* LinearGradient.swift in Sources */,
				2A987AEF2A7AEA1F00EE15DF /* UpNextEntryView.swift in Sources */,
				2E19CAE02A7EF7B100177B61 /* UpNextSystemRectangularView.swift in Sources */,
				2A987AED2A7AEA1F00EE15DF /* UpNextSystemMediumView.swift in Sources */,
				2E19CAE22A7EFD9800177B61 /* UpNextSystemCircularView.swift in Sources */,
				2A987ACC2A7AE4AF00EE15DF /* SwiftIslandWidgetsBundle.swift in Sources */,
				2A987AEE2A7AEA1F00EE15DF /* UpNextWidget.swift in Sources */,
				2A987AEC2A7AEA1900EE15DF /* UpNextEntry.swift in Sources */,
				2A987AFB2A7AECC300EE15DF /* UpNextSystemSmallView.swift in Sources */,
				2A987AFA2A7AECA600EE15DF /* ActivityType+Color.swift in Sources */,
			);
			runOnlyForDeploymentPostprocessing = 0;
		};
		2AEDC48F2A4A030F00CD0180 /* Sources */ = {
			isa = PBXSourcesBuildPhase;
			buildActionMask = 2147483647;
			files = (
				B3733D772A9951B10069D490 /* PuzzleView.swift in Sources */,
				2A7F12982A6B19E0007C28EA /* SwiftIslandLogo.swift in Sources */,
				2AEDC4C32A4A089100CD0180 /* ConferencePageView.swift in Sources */,
				B3733D792A9951B10069D490 /* PuzzleItemView.swift in Sources */,
				2A7F12792A640730007C28EA /* ScrollViewOffset.swift in Sources */,
				2A16EB362A4CDA4200CC881D /* ConferenceHeaderView.swift in Sources */,
				B3C626442A94956A002754A8 /* TicketEditView.swift in Sources */,
				2AFC767D2C79ECD3008B5E11 /* ConferenceBoxMentorsWorkshop.swift in Sources */,
				B3F443032A9765E700AFDF43 /* TicketAddButton.swift in Sources */,
				2A37FB9A2A7D3F890062E63A /* Bundle+Version.swift in Sources */,
				2AE43FAC2A6B1A8C009078E3 /* View+PercentageOffset.swift in Sources */,
				2AF19ED32A7B04A500134E0B /* ConferencePageContentView.swift in Sources */,
				2AE45DA72A7D42B800AF2B9D /* SourceView.swift in Sources */,
				2A18CE422A773D3A00969214 /* SectionBeforeYouLeave.swift in Sources */,
				2AB3AE902A77FF0E00F3ECB2 /* KeychainManager.swift in Sources */,
				2AB3AF672A78199600F3ECB2 /* SafariWebView.swift in Sources */,
				2A18CE462A77403800969214 /* EventDetailsView.swift in Sources */,
				B362F5E12AA1044F00AFE1EE /* ConferenceBoxSponsors.swift in Sources */,
				2A18CE3B2A76E71900969214 /* PacklistView.swift in Sources */,
				2AEDC4C62A4A08AF00CD0180 /* TabBarView.swift in Sources */,
				2AEDC4972A4A030F00CD0180 /* MainApp.swift in Sources */,
				2AFC76752C79EB48008B5E11 /* MatchedGeometryExample.swift in Sources */,
				2AFC76762C79EB48008B5E11 /* NavigationDestinationExample.swift in Sources */,
				2AE43FFF2A702999009078E3 /* ConferenceBoxEvent.swift in Sources */,
				2A7F12832A648C59007C28EA /* SwiftIslandButtonStyle.swift in Sources */,
				2A7F12902A69D9C7007C28EA /* PracticalGenericPageView.swift in Sources */,
				2AE440012A702BC0009078E3 /* Date+Formatting.swift in Sources */,
				2A7F12962A6B14CD007C28EA /* AppDataModel.swift in Sources */,
				2A18CE442A773D7F00969214 /* SectionGettingHere.swift in Sources */,
				2A090BD92A71BAFF003553D2 /* PlaceAnnotationView.swift in Sources */,
				2A7F12852A65DBEA007C28EA /* LocationManager.swift in Sources */,
				2AC7DD092A58CFDD00DB9F6D /* ConferenceBoxFAQItem.swift in Sources */,
				2A37FB6A2A7B06AE0062E63A /* ConferenceBoxMentors.swift in Sources */,
				B354DDE52A9BEEE700C24461 /* Utils.swift in Sources */,
				B3C626422A942291002754A8 /* WebView.swift in Sources */,
				2AC7DCF12A58B5E600DB9F6D /* ConferenceBoxFAQ.swift in Sources */,
				2A17F0C22A6075BF0055E214 /* MentorView.swift in Sources */,
				2A7F12772A6401C4007C28EA /* NFCManager.swift in Sources */,
				2A16EB412A4CDD4A00CC881D /* Color+Helper.swift in Sources */,
				2A7F128D2A69CC39007C28EA /* Defaults.swift in Sources */,
				2ACF55A42A605BA300C051FC /* GettingThereMapView.swift in Sources */,
				2A7F127F2A6488EC007C28EA /* RequestLocationView.swift in Sources */,
				B3733D7A2A9951B10069D490 /* PuzzlePageView.swift in Sources */,
				2A7F12812A64891F007C28EA /* LinearGradient.swift in Sources */,
				2AE440042A705C8B009078E3 /* ScheduleView.swift in Sources */,
				2AE4400E2A717CE4009078E3 /* EventView.swift in Sources */,
				B3F7EEF42A86D6BB001D69B6 /* TicketsView.swift in Sources */,
				2AC7DD0F2A59F37D00DB9F6D /* PracticalPageView.swift in Sources */,
				2AE45DA92A7D617400AF2B9D /* ConferenceBoxWeather.swift in Sources */,
				2AE440062A705E5C009078E3 /* ScheduleCalendarView.swift in Sources */,
				2AC7DD072A58CD2000DB9F6D /* FAQListView.swift in Sources */,
				2A16EB452A4F622800CC881D /* ConferenceBoxTicket.swift in Sources */,
				2AE440082A706211009078E3 /* ScheduleTimelineView.swift in Sources */,
				2A090BD72A71B0E9003553D2 /* MapView.swift in Sources */,
				2A3AB65B2A78744B0089CF7E /* ActivityType+Color.swift in Sources */,
				2A7F12882A65E354007C28EA /* SectionAtTheConferenceNotActivated.swift in Sources */,
				2AC7DD0B2A58D07E00DB9F6D /* View+Preview.swift in Sources */,
				2A37FB902A7C14CB0062E63A /* UIDevice+HasNotch.swift in Sources */,
				2AFAA1FE2C77D492005C4C7A /* MentorListView.swift in Sources */,
				2AFAA1FF2C77D492005C4C7A /* MentorPageView.swift in Sources */,
			);
			runOnlyForDeploymentPostprocessing = 0;
		};
		2AEDC49F2A4A031100CD0180 /* Sources */ = {
			isa = PBXSourcesBuildPhase;
			buildActionMask = 2147483647;
			files = (
				2A987A9F2A7ADDF200EE15DF /* AddDataModelTests.swift in Sources */,
			);
			runOnlyForDeploymentPostprocessing = 0;
		};
/* End PBXSourcesBuildPhase section */

/* Begin PBXTargetDependency section */
		2A987AD82A7AE4B000EE15DF /* PBXTargetDependency */ = {
			isa = PBXTargetDependency;
			target = 2A987AC42A7AE4AF00EE15DF /* SwiftIslandWidgetsExtension */;
			targetProxy = 2A987AD72A7AE4B000EE15DF /* PBXContainerItemProxy */;
		};
		2AEDC4A52A4A031100CD0180 /* PBXTargetDependency */ = {
			isa = PBXTargetDependency;
			target = 2AEDC4922A4A030F00CD0180 /* SwiftIslandApp */;
			targetProxy = 2AEDC4A42A4A031100CD0180 /* PBXContainerItemProxy */;
		};
/* End PBXTargetDependency section */

/* Begin XCBuildConfiguration section */
		2A987ADB2A7AE4B000EE15DF /* Debug */ = {
			isa = XCBuildConfiguration;
			baseConfigurationReference = 2A659B1B2BFFE2B100A57501 /* SwiftIslandWidgetsExtension-Debug.xcconfig */;
			buildSettings = {
				ASSETCATALOG_COMPILER_GLOBAL_ACCENT_COLOR_NAME = AccentColor;
				ASSETCATALOG_COMPILER_WIDGET_BACKGROUND_COLOR_NAME = WidgetBackground;
				CODE_SIGN_IDENTITY = "Apple Development";
				CODE_SIGN_STYLE = Automatic;
				CURRENT_PROJECT_VERSION = 1;
				DEVELOPMENT_TEAM = "";
				GENERATE_INFOPLIST_FILE = YES;
				INFOPLIST_FILE = SwiftIslandWidgets/Info.plist;
				INFOPLIST_KEY_CFBundleDisplayName = "Swift Island Widgets";
				INFOPLIST_KEY_NSHumanReadableCopyright = "Copyright © 2023 AppTrix AB. All rights reserved.";
				LD_RUNPATH_SEARCH_PATHS = (
					"$(inherited)",
					"@executable_path/Frameworks",
					"@executable_path/../../Frameworks",
				);
				MARKETING_VERSION = "${MARKETING_VERSION}";
				PRODUCT_BUNDLE_IDENTIFIER = nl.swiftisland.app.widgets;
				PRODUCT_NAME = "$(TARGET_NAME)";
				PROVISIONING_PROFILE_SPECIFIER = "";
				SKIP_INSTALL = YES;
				SWIFT_EMIT_LOC_STRINGS = YES;
				SWIFT_VERSION = 5.0;
				TARGETED_DEVICE_FAMILY = "1,2";
			};
			name = Debug;
		};
		2A987ADC2A7AE4B000EE15DF /* Release */ = {
			isa = XCBuildConfiguration;
			baseConfigurationReference = 2A659B1C2BFFE2B100A57501 /* SwiftIslandWidgetsExtension-Release.xcconfig */;
			buildSettings = {
				ASSETCATALOG_COMPILER_GLOBAL_ACCENT_COLOR_NAME = AccentColor;
				ASSETCATALOG_COMPILER_WIDGET_BACKGROUND_COLOR_NAME = WidgetBackground;
				CODE_SIGN_IDENTITY = "Apple Development";
				CODE_SIGN_STYLE = Automatic;
				CURRENT_PROJECT_VERSION = 1;
				DEVELOPMENT_TEAM = "";
				GENERATE_INFOPLIST_FILE = YES;
				INFOPLIST_FILE = SwiftIslandWidgets/Info.plist;
				INFOPLIST_KEY_CFBundleDisplayName = "Swift Island Widgets";
				INFOPLIST_KEY_NSHumanReadableCopyright = "Copyright © 2023 AppTrix AB. All rights reserved.";
				LD_RUNPATH_SEARCH_PATHS = (
					"$(inherited)",
					"@executable_path/Frameworks",
					"@executable_path/../../Frameworks",
				);
				MARKETING_VERSION = "${MARKETING_VERSION}";
				PRODUCT_BUNDLE_IDENTIFIER = nl.swiftisland.app.widgets;
				PRODUCT_NAME = "$(TARGET_NAME)";
				PROVISIONING_PROFILE_SPECIFIER = "";
				SKIP_INSTALL = YES;
				SWIFT_EMIT_LOC_STRINGS = YES;
				SWIFT_VERSION = 5.0;
				TARGETED_DEVICE_FAMILY = "1,2";
			};
			name = Release;
		};
		2AEDC4B52A4A031100CD0180 /* Debug */ = {
			isa = XCBuildConfiguration;
			baseConfigurationReference = 2A659B1F2BFFE2B100A57501 /* Project-Debug.xcconfig */;
			buildSettings = {
				ALWAYS_SEARCH_USER_PATHS = NO;
				ASSETCATALOG_COMPILER_GENERATE_SWIFT_ASSET_SYMBOL_EXTENSIONS = YES;
				CLANG_ANALYZER_NONNULL = YES;
				CLANG_ANALYZER_NUMBER_OBJECT_CONVERSION = YES_AGGRESSIVE;
				CLANG_CXX_LANGUAGE_STANDARD = "gnu++20";
				CLANG_ENABLE_MODULES = YES;
				CLANG_ENABLE_OBJC_ARC = YES;
				CLANG_ENABLE_OBJC_WEAK = YES;
				CLANG_WARN_BLOCK_CAPTURE_AUTORELEASING = YES;
				CLANG_WARN_BOOL_CONVERSION = YES;
				CLANG_WARN_COMMA = YES;
				CLANG_WARN_CONSTANT_CONVERSION = YES;
				CLANG_WARN_DEPRECATED_OBJC_IMPLEMENTATIONS = YES;
				CLANG_WARN_DIRECT_OBJC_ISA_USAGE = YES_ERROR;
				CLANG_WARN_DOCUMENTATION_COMMENTS = YES;
				CLANG_WARN_EMPTY_BODY = YES;
				CLANG_WARN_ENUM_CONVERSION = YES;
				CLANG_WARN_INFINITE_RECURSION = YES;
				CLANG_WARN_INT_CONVERSION = YES;
				CLANG_WARN_NON_LITERAL_NULL_CONVERSION = YES;
				CLANG_WARN_OBJC_IMPLICIT_RETAIN_SELF = YES;
				CLANG_WARN_OBJC_LITERAL_CONVERSION = YES;
				CLANG_WARN_OBJC_ROOT_CLASS = YES_ERROR;
				CLANG_WARN_QUOTED_INCLUDE_IN_FRAMEWORK_HEADER = YES;
				CLANG_WARN_RANGE_LOOP_ANALYSIS = YES;
				CLANG_WARN_STRICT_PROTOTYPES = YES;
				CLANG_WARN_SUSPICIOUS_MOVE = YES;
				CLANG_WARN_UNGUARDED_AVAILABILITY = YES_AGGRESSIVE;
				CLANG_WARN_UNREACHABLE_CODE = YES;
				CLANG_WARN__DUPLICATE_METHOD_MATCH = YES;
				COPY_PHASE_STRIP = NO;
				DEBUG_INFORMATION_FORMAT = dwarf;
				ENABLE_STRICT_OBJC_MSGSEND = YES;
				ENABLE_TESTABILITY = YES;
				ENABLE_USER_SCRIPT_SANDBOXING = YES;
				GCC_C_LANGUAGE_STANDARD = gnu11;
				GCC_DYNAMIC_NO_PIC = NO;
				GCC_NO_COMMON_BLOCKS = YES;
				GCC_OPTIMIZATION_LEVEL = 0;
				GCC_PREPROCESSOR_DEFINITIONS = (
					"DEBUG=1",
					"$(inherited)",
				);
				GCC_WARN_64_TO_32_BIT_CONVERSION = YES;
				GCC_WARN_ABOUT_RETURN_TYPE = YES_ERROR;
				GCC_WARN_UNDECLARED_SELECTOR = YES;
				GCC_WARN_UNINITIALIZED_AUTOS = YES_AGGRESSIVE;
				GCC_WARN_UNUSED_FUNCTION = YES;
				GCC_WARN_UNUSED_VARIABLE = YES;
				IPHONEOS_DEPLOYMENT_TARGET = 18.0;
				MTL_ENABLE_DEBUG_INFO = INCLUDE_SOURCE;
				MTL_FAST_MATH = YES;
				ONLY_ACTIVE_ARCH = YES;
				SDKROOT = iphoneos;
				SWIFT_ACTIVE_COMPILATION_CONDITIONS = DEBUG;
				SWIFT_OPTIMIZATION_LEVEL = "-Onone";
			};
			name = Debug;
		};
		2AEDC4B62A4A031100CD0180 /* Release */ = {
			isa = XCBuildConfiguration;
			baseConfigurationReference = 2A659B202BFFE2B100A57501 /* Project-Release.xcconfig */;
			buildSettings = {
				ALWAYS_SEARCH_USER_PATHS = NO;
				ASSETCATALOG_COMPILER_GENERATE_SWIFT_ASSET_SYMBOL_EXTENSIONS = YES;
				CLANG_ANALYZER_NONNULL = YES;
				CLANG_ANALYZER_NUMBER_OBJECT_CONVERSION = YES_AGGRESSIVE;
				CLANG_CXX_LANGUAGE_STANDARD = "gnu++20";
				CLANG_ENABLE_MODULES = YES;
				CLANG_ENABLE_OBJC_ARC = YES;
				CLANG_ENABLE_OBJC_WEAK = YES;
				CLANG_WARN_BLOCK_CAPTURE_AUTORELEASING = YES;
				CLANG_WARN_BOOL_CONVERSION = YES;
				CLANG_WARN_COMMA = YES;
				CLANG_WARN_CONSTANT_CONVERSION = YES;
				CLANG_WARN_DEPRECATED_OBJC_IMPLEMENTATIONS = YES;
				CLANG_WARN_DIRECT_OBJC_ISA_USAGE = YES_ERROR;
				CLANG_WARN_DOCUMENTATION_COMMENTS = YES;
				CLANG_WARN_EMPTY_BODY = YES;
				CLANG_WARN_ENUM_CONVERSION = YES;
				CLANG_WARN_INFINITE_RECURSION = YES;
				CLANG_WARN_INT_CONVERSION = YES;
				CLANG_WARN_NON_LITERAL_NULL_CONVERSION = YES;
				CLANG_WARN_OBJC_IMPLICIT_RETAIN_SELF = YES;
				CLANG_WARN_OBJC_LITERAL_CONVERSION = YES;
				CLANG_WARN_OBJC_ROOT_CLASS = YES_ERROR;
				CLANG_WARN_QUOTED_INCLUDE_IN_FRAMEWORK_HEADER = YES;
				CLANG_WARN_RANGE_LOOP_ANALYSIS = YES;
				CLANG_WARN_STRICT_PROTOTYPES = YES;
				CLANG_WARN_SUSPICIOUS_MOVE = YES;
				CLANG_WARN_UNGUARDED_AVAILABILITY = YES_AGGRESSIVE;
				CLANG_WARN_UNREACHABLE_CODE = YES;
				CLANG_WARN__DUPLICATE_METHOD_MATCH = YES;
				COPY_PHASE_STRIP = NO;
				DEBUG_INFORMATION_FORMAT = "dwarf-with-dsym";
				ENABLE_NS_ASSERTIONS = NO;
				ENABLE_STRICT_OBJC_MSGSEND = YES;
				ENABLE_USER_SCRIPT_SANDBOXING = YES;
				GCC_C_LANGUAGE_STANDARD = gnu11;
				GCC_NO_COMMON_BLOCKS = YES;
				GCC_WARN_64_TO_32_BIT_CONVERSION = YES;
				GCC_WARN_ABOUT_RETURN_TYPE = YES_ERROR;
				GCC_WARN_UNDECLARED_SELECTOR = YES;
				GCC_WARN_UNINITIALIZED_AUTOS = YES_AGGRESSIVE;
				GCC_WARN_UNUSED_FUNCTION = YES;
				GCC_WARN_UNUSED_VARIABLE = YES;
				IPHONEOS_DEPLOYMENT_TARGET = 18.0;
				MTL_ENABLE_DEBUG_INFO = NO;
				MTL_FAST_MATH = YES;
				SDKROOT = iphoneos;
				SWIFT_COMPILATION_MODE = wholemodule;
				SWIFT_OPTIMIZATION_LEVEL = "-O";
				VALIDATE_PRODUCT = YES;
			};
			name = Release;
		};
		2AEDC4B82A4A031100CD0180 /* Debug */ = {
			isa = XCBuildConfiguration;
			baseConfigurationReference = 2A659B132BFFE2B100A57501 /* SwiftIslandApp-Debug.xcconfig */;
			buildSettings = {
				ALWAYS_EMBED_SWIFT_STANDARD_LIBRARIES = YES;
				ASSETCATALOG_COMPILER_APPICON_NAME = AppIcon;
				ASSETCATALOG_COMPILER_GLOBAL_ACCENT_COLOR_NAME = AccentColor;
				CODE_SIGN_ENTITLEMENTS = SwiftIslandApp/SwiftIslandApp.entitlements;
				CODE_SIGN_IDENTITY = "Apple Development";
				CODE_SIGN_STYLE = Automatic;
				CURRENT_PROJECT_VERSION = 1;
				DEVELOPMENT_ASSET_PATHS = "\"SwiftIslandApp/Preview Content\"";
				DEVELOPMENT_TEAM = V38QRBT6X5;
				ENABLE_PREVIEWS = YES;
				ENABLE_USER_SCRIPT_SANDBOXING = NO;
				GENERATE_INFOPLIST_FILE = YES;
				INFOPLIST_FILE = "SwiftIslandApp-Info.plist";
				INFOPLIST_KEY_CFBundleDisplayName = "Swift Island";
				INFOPLIST_KEY_LSApplicationCategoryType = "public.app-category.utilities";
				INFOPLIST_KEY_NSLocationWhenInUseUsageDescription = "We only use your location to verify that you are at the conference. Once we know, we don't use it anymore.";
				INFOPLIST_KEY_UIApplicationSceneManifest_Generation = YES;
				INFOPLIST_KEY_UIApplicationSupportsIndirectInputEvents = YES;
				INFOPLIST_KEY_UILaunchScreen_Generation = YES;
				INFOPLIST_KEY_UISupportedInterfaceOrientations = UIInterfaceOrientationPortrait;
				INFOPLIST_KEY_UISupportedInterfaceOrientations_iPad = "UIInterfaceOrientationLandscapeLeft UIInterfaceOrientationLandscapeRight UIInterfaceOrientationPortrait UIInterfaceOrientationPortraitUpsideDown";
				IPHONEOS_DEPLOYMENT_TARGET = 18.0;
				LD_RUNPATH_SEARCH_PATHS = (
					"$(inherited)",
					"@executable_path/Frameworks",
				);
				MARKETING_VERSION = "${MARKETING_VERSION}";
				PRODUCT_BUNDLE_IDENTIFIER = nl.swiftisland.app;
				PRODUCT_NAME = "Swift Island";
				PROVISIONING_PROFILE_SPECIFIER = "";
				SUPPORTED_PLATFORMS = "iphoneos iphonesimulator";
				SUPPORTS_MACCATALYST = NO;
				SUPPORTS_MAC_DESIGNED_FOR_IPHONE_IPAD = NO;
				SWIFT_EMIT_LOC_STRINGS = YES;
				SWIFT_VERSION = 5.0;
				TARGETED_DEVICE_FAMILY = "1,2";
			};
			name = Debug;
		};
		2AEDC4B92A4A031100CD0180 /* Release */ = {
			isa = XCBuildConfiguration;
			baseConfigurationReference = 2A659B142BFFE2B100A57501 /* SwiftIslandApp-Release.xcconfig */;
			buildSettings = {
				ALWAYS_EMBED_SWIFT_STANDARD_LIBRARIES = YES;
				ASSETCATALOG_COMPILER_APPICON_NAME = AppIcon;
				ASSETCATALOG_COMPILER_GLOBAL_ACCENT_COLOR_NAME = AccentColor;
				CODE_SIGN_ENTITLEMENTS = SwiftIslandApp/SwiftIslandApp.entitlements;
				CODE_SIGN_IDENTITY = "Apple Development";
				CODE_SIGN_STYLE = Automatic;
				CURRENT_PROJECT_VERSION = 1;
				DEVELOPMENT_ASSET_PATHS = "\"SwiftIslandApp/Preview Content\"";
				DEVELOPMENT_TEAM = V38QRBT6X5;
				ENABLE_PREVIEWS = YES;
				ENABLE_USER_SCRIPT_SANDBOXING = NO;
				GENERATE_INFOPLIST_FILE = YES;
				INFOPLIST_FILE = "SwiftIslandApp-Info.plist";
				INFOPLIST_KEY_CFBundleDisplayName = "Swift Island";
				INFOPLIST_KEY_LSApplicationCategoryType = "public.app-category.utilities";
				INFOPLIST_KEY_NSLocationWhenInUseUsageDescription = "We only use your location to verify that you are at the conference. Once we know, we don't use it anymore.";
				INFOPLIST_KEY_UIApplicationSceneManifest_Generation = YES;
				INFOPLIST_KEY_UIApplicationSupportsIndirectInputEvents = YES;
				INFOPLIST_KEY_UILaunchScreen_Generation = YES;
				INFOPLIST_KEY_UISupportedInterfaceOrientations = UIInterfaceOrientationPortrait;
				INFOPLIST_KEY_UISupportedInterfaceOrientations_iPad = "UIInterfaceOrientationLandscapeLeft UIInterfaceOrientationLandscapeRight UIInterfaceOrientationPortrait UIInterfaceOrientationPortraitUpsideDown";
				IPHONEOS_DEPLOYMENT_TARGET = 18.0;
				LD_RUNPATH_SEARCH_PATHS = (
					"$(inherited)",
					"@executable_path/Frameworks",
				);
				MARKETING_VERSION = "${MARKETING_VERSION}";
				PRODUCT_BUNDLE_IDENTIFIER = nl.swiftisland.app;
				PRODUCT_NAME = "Swift Island";
				PROVISIONING_PROFILE_SPECIFIER = "";
				SUPPORTED_PLATFORMS = "iphoneos iphonesimulator";
				SUPPORTS_MACCATALYST = NO;
				SUPPORTS_MAC_DESIGNED_FOR_IPHONE_IPAD = NO;
				SWIFT_EMIT_LOC_STRINGS = YES;
				SWIFT_VERSION = 5.0;
				TARGETED_DEVICE_FAMILY = "1,2";
			};
			name = Release;
		};
		2AEDC4BB2A4A031100CD0180 /* Debug */ = {
			isa = XCBuildConfiguration;
			baseConfigurationReference = 2A659B172BFFE2B100A57501 /* SwiftIslandAppTests-Debug.xcconfig */;
			buildSettings = {
				ALWAYS_EMBED_SWIFT_STANDARD_LIBRARIES = YES;
				BUNDLE_LOADER = "$(TEST_HOST)";
				CODE_SIGN_STYLE = Automatic;
				CURRENT_PROJECT_VERSION = 1;
				DEVELOPMENT_TEAM = V38QRBT6X5;
				GENERATE_INFOPLIST_FILE = YES;
				IPHONEOS_DEPLOYMENT_TARGET = 17.0;
				MARKETING_VERSION = "${MARKETING_VERSION}";
				PRODUCT_BUNDLE_IDENTIFIER = se.apptrix.SwiftIslandTests;
				PRODUCT_NAME = "$(TARGET_NAME)";
				SWIFT_EMIT_LOC_STRINGS = NO;
				SWIFT_VERSION = 5.0;
				TARGETED_DEVICE_FAMILY = "1,2";
				TEST_HOST = "$(BUILT_PRODUCTS_DIR)/Swift Island.app/$(BUNDLE_EXECUTABLE_FOLDER_PATH)Swift Island";
			};
			name = Debug;
		};
		2AEDC4BC2A4A031100CD0180 /* Release */ = {
			isa = XCBuildConfiguration;
			baseConfigurationReference = 2A659B182BFFE2B100A57501 /* SwiftIslandAppTests-Release.xcconfig */;
			buildSettings = {
				ALWAYS_EMBED_SWIFT_STANDARD_LIBRARIES = YES;
				BUNDLE_LOADER = "$(TEST_HOST)";
				CODE_SIGN_STYLE = Automatic;
				CURRENT_PROJECT_VERSION = 1;
				DEVELOPMENT_TEAM = V38QRBT6X5;
				GENERATE_INFOPLIST_FILE = YES;
				IPHONEOS_DEPLOYMENT_TARGET = 17.0;
				MARKETING_VERSION = "${MARKETING_VERSION}";
				PRODUCT_BUNDLE_IDENTIFIER = se.apptrix.SwiftIslandTests;
				PRODUCT_NAME = "$(TARGET_NAME)";
				SWIFT_EMIT_LOC_STRINGS = NO;
				SWIFT_VERSION = 5.0;
				TARGETED_DEVICE_FAMILY = "1,2";
				TEST_HOST = "$(BUILT_PRODUCTS_DIR)/Swift Island.app/$(BUNDLE_EXECUTABLE_FOLDER_PATH)Swift Island";
			};
			name = Release;
		};
/* End XCBuildConfiguration section */

/* Begin XCConfigurationList section */
		2A987ADD2A7AE4B000EE15DF /* Build configuration list for PBXNativeTarget "SwiftIslandWidgetsExtension" */ = {
			isa = XCConfigurationList;
			buildConfigurations = (
				2A987ADB2A7AE4B000EE15DF /* Debug */,
				2A987ADC2A7AE4B000EE15DF /* Release */,
			);
			defaultConfigurationIsVisible = 0;
			defaultConfigurationName = Release;
		};
		2AEDC48E2A4A030F00CD0180 /* Build configuration list for PBXProject "SwiftIslandApp" */ = {
			isa = XCConfigurationList;
			buildConfigurations = (
				2AEDC4B52A4A031100CD0180 /* Debug */,
				2AEDC4B62A4A031100CD0180 /* Release */,
			);
			defaultConfigurationIsVisible = 0;
			defaultConfigurationName = Release;
		};
		2AEDC4B72A4A031100CD0180 /* Build configuration list for PBXNativeTarget "SwiftIslandApp" */ = {
			isa = XCConfigurationList;
			buildConfigurations = (
				2AEDC4B82A4A031100CD0180 /* Debug */,
				2AEDC4B92A4A031100CD0180 /* Release */,
			);
			defaultConfigurationIsVisible = 0;
			defaultConfigurationName = Release;
		};
		2AEDC4BA2A4A031100CD0180 /* Build configuration list for PBXNativeTarget "SwiftIslandAppTests" */ = {
			isa = XCConfigurationList;
			buildConfigurations = (
				2AEDC4BB2A4A031100CD0180 /* Debug */,
				2AEDC4BC2A4A031100CD0180 /* Release */,
			);
			defaultConfigurationIsVisible = 0;
			defaultConfigurationName = Release;
		};
/* End XCConfigurationList section */

/* Begin XCRemoteSwiftPackageReference section */
		2A77AD8C2C05272B00610250 /* XCRemoteSwiftPackageReference "AckGen" */ = {
			isa = XCRemoteSwiftPackageReference;
			repositoryURL = "https://github.com/MartinP7r/AckGen.git";
			requirement = {
				kind = upToNextMajorVersion;
				minimumVersion = 0.1.8;
			};
		};
		2A7F12892A69CB2C007C28EA /* XCRemoteSwiftPackageReference "Defaults" */ = {
			isa = XCRemoteSwiftPackageReference;
			repositoryURL = "https://github.com/sindresorhus/Defaults";
			requirement = {
				kind = upToNextMajorVersion;
				minimumVersion = 8.0.0;
			};
		};
/* End XCRemoteSwiftPackageReference section */

/* Begin XCSwiftPackageProductDependency section */
		2A3AB6582A7871030089CF7E /* SwiftIslandDataLogic */ = {
			isa = XCSwiftPackageProductDependency;
			productName = SwiftIslandDataLogic;
		};
		2A77AD8D2C0527AE00610250 /* AckGen */ = {
			isa = XCSwiftPackageProductDependency;
			package = 2A77AD8C2C05272B00610250 /* XCRemoteSwiftPackageReference "AckGen" */;
			productName = AckGen;
		};
		2A77AD8F2C0527AE00610250 /* AckGenUI */ = {
			isa = XCSwiftPackageProductDependency;
			package = 2A77AD8C2C05272B00610250 /* XCRemoteSwiftPackageReference "AckGen" */;
			productName = AckGenUI;
		};
		2A7F128A2A69CB2C007C28EA /* Defaults */ = {
			isa = XCSwiftPackageProductDependency;
			package = 2A7F12892A69CB2C007C28EA /* XCRemoteSwiftPackageReference "Defaults" */;
			productName = Defaults;
		};
		2A987AF12A7AEA3700EE15DF /* SwiftIslandDataLogic */ = {
			isa = XCSwiftPackageProductDependency;
			productName = SwiftIslandDataLogic;
		};
/* End XCSwiftPackageProductDependency section */
	};
	rootObject = 2AEDC48B2A4A030F00CD0180 /* Project object */;
}
