// !$*UTF8*$!
{
	archiveVersion = 1;
	classes = {
	};
	objectVersion = 56;
	objects = {

/* Begin PBXBuildFile section */
		2A16EB362A4CDA4200CC881D /* ConferenceHeaderView.swift in Sources */ = {isa = PBXBuildFile; fileRef = 2A16EB352A4CDA4200CC881D /* ConferenceHeaderView.swift */; };
		2A16EB3B2A4CDB3600CC881D /* WorkSans-Regular.ttf in Resources */ = {isa = PBXBuildFile; fileRef = 2A16EB392A4CDB3600CC881D /* WorkSans-Regular.ttf */; };
		2A16EB3C2A4CDB3600CC881D /* WorkSans-Bold.ttf in Resources */ = {isa = PBXBuildFile; fileRef = 2A16EB3A2A4CDB3600CC881D /* WorkSans-Bold.ttf */; };
		2A16EB412A4CDD4A00CC881D /* Color+Helper.swift in Sources */ = {isa = PBXBuildFile; fileRef = 2A16EB402A4CDD4A00CC881D /* Color+Helper.swift */; };
		2A16EB452A4F622800CC881D /* ConferenceBoxTicket.swift in Sources */ = {isa = PBXBuildFile; fileRef = 2A16EB442A4F622800CC881D /* ConferenceBoxTicket.swift */; };
		2A16EB502A4F655500CC881D /* Firestore+Request.swift in Sources */ = {isa = PBXBuildFile; fileRef = 2A16EB482A4F655500CC881D /* Firestore+Request.swift */; };
		2A16EB512A4F655500CC881D /* Dictionary+Firestore.swift in Sources */ = {isa = PBXBuildFile; fileRef = 2A16EB492A4F655500CC881D /* Dictionary+Firestore.swift */; };
		2A16EB522A4F655500CC881D /* Firestore+Encodable.swift in Sources */ = {isa = PBXBuildFile; fileRef = 2A16EB4A2A4F655500CC881D /* Firestore+Encodable.swift */; };
		2A16EB532A4F655500CC881D /* Firestore+Response.swift in Sources */ = {isa = PBXBuildFile; fileRef = 2A16EB4B2A4F655500CC881D /* Firestore+Response.swift */; };
		2A16EB542A4F655500CC881D /* DocumentSnapshot+Data.swift in Sources */ = {isa = PBXBuildFile; fileRef = 2A16EB4C2A4F655500CC881D /* DocumentSnapshot+Data.swift */; };
		2A16EB562A4F655500CC881D /* Firestore+SwiftIsland.swift in Sources */ = {isa = PBXBuildFile; fileRef = 2A16EB4F2A4F655500CC881D /* Firestore+SwiftIsland.swift */; };
		2A16EB5A2A4F65EC00CC881D /* FirebaseAnalytics in Frameworks */ = {isa = PBXBuildFile; productRef = 2A16EB592A4F65EC00CC881D /* FirebaseAnalytics */; };
		2A16EB5C2A4F65EC00CC881D /* FirebaseAuth in Frameworks */ = {isa = PBXBuildFile; productRef = 2A16EB5B2A4F65EC00CC881D /* FirebaseAuth */; };
		2A16EB5E2A4F65EC00CC881D /* FirebaseFirestore in Frameworks */ = {isa = PBXBuildFile; productRef = 2A16EB5D2A4F65EC00CC881D /* FirebaseFirestore */; };
		2A16EB602A4F65EC00CC881D /* FirebaseFirestoreSwift in Frameworks */ = {isa = PBXBuildFile; productRef = 2A16EB5F2A4F65EC00CC881D /* FirebaseFirestoreSwift */; };
		2A16EB622A4F65EC00CC881D /* FirebaseStorage in Frameworks */ = {isa = PBXBuildFile; productRef = 2A16EB612A4F65EC00CC881D /* FirebaseStorage */; };
		2A16EB642A4F6CC200CC881D /* GoogleService-Info.plist in Resources */ = {isa = PBXBuildFile; fileRef = 2A16EB632A4F6CC200CC881D /* GoogleService-Info.plist */; };
		2A17F0C22A6075BF0055E214 /* MentorView.swift in Sources */ = {isa = PBXBuildFile; fileRef = 2A17F0C12A6075BF0055E214 /* MentorView.swift */; };
		2A17F0C62A608D990055E214 /* Mentor.swift in Sources */ = {isa = PBXBuildFile; fileRef = 2A17F0C52A608D990055E214 /* Mentor.swift */; };
		2A17F0C82A608E030055E214 /* AllMentorsRequest.swift in Sources */ = {isa = PBXBuildFile; fileRef = 2A17F0C72A608E030055E214 /* AllMentorsRequest.swift */; };
		2A7F12772A6401C4007C28EA /* NFCManager.swift in Sources */ = {isa = PBXBuildFile; fileRef = 2A7F12762A6401C4007C28EA /* NFCManager.swift */; };
		2A7F12792A640730007C28EA /* ScrollViewOffset.swift in Sources */ = {isa = PBXBuildFile; fileRef = 2A7F12782A640730007C28EA /* ScrollViewOffset.swift */; };
		2A7F127F2A6488EC007C28EA /* RequestLocationView.swift in Sources */ = {isa = PBXBuildFile; fileRef = 2A7F127E2A6488EC007C28EA /* RequestLocationView.swift */; };
		2A7F12812A64891F007C28EA /* LinearGradient.swift in Sources */ = {isa = PBXBuildFile; fileRef = 2A7F12802A64891F007C28EA /* LinearGradient.swift */; };
		2A7F12832A648C59007C28EA /* SwiftIslandButtonStyle.swift in Sources */ = {isa = PBXBuildFile; fileRef = 2A7F12822A648C59007C28EA /* SwiftIslandButtonStyle.swift */; };
		2A7F12852A65DBEA007C28EA /* LocationManager.swift in Sources */ = {isa = PBXBuildFile; fileRef = 2A7F12842A65DBEA007C28EA /* LocationManager.swift */; };
		2A7F12882A65E354007C28EA /* SectionAtTheConferenceNotActivated.swift in Sources */ = {isa = PBXBuildFile; fileRef = 2A7F12872A65E354007C28EA /* SectionAtTheConferenceNotActivated.swift */; };
		2A7F128B2A69CB2C007C28EA /* Defaults in Frameworks */ = {isa = PBXBuildFile; productRef = 2A7F128A2A69CB2C007C28EA /* Defaults */; };
		2A7F128D2A69CC39007C28EA /* Defaults.swift in Sources */ = {isa = PBXBuildFile; fileRef = 2A7F128C2A69CC39007C28EA /* Defaults.swift */; };
		2A7F12902A69D9C7007C28EA /* PracticalGenericPageView.swift in Sources */ = {isa = PBXBuildFile; fileRef = 2A7F128F2A69D9C7007C28EA /* PracticalGenericPageView.swift */; };
		2A7F12922A69DB26007C28EA /* Page.swift in Sources */ = {isa = PBXBuildFile; fileRef = 2A7F12912A69DB26007C28EA /* Page.swift */; };
		2A7F12942A69DBD1007C28EA /* AllPagesRequest.swift in Sources */ = {isa = PBXBuildFile; fileRef = 2A7F12932A69DBD1007C28EA /* AllPagesRequest.swift */; };
		2A7F12962A6B14CD007C28EA /* AppDataModel.swift in Sources */ = {isa = PBXBuildFile; fileRef = 2A7F12952A6B14CD007C28EA /* AppDataModel.swift */; };
		2A7F12982A6B19E0007C28EA /* SwiftIslandLogo.swift in Sources */ = {isa = PBXBuildFile; fileRef = 2A7F12972A6B19E0007C28EA /* SwiftIslandLogo.swift */; };
		2AC7DCF12A58B5E600DB9F6D /* ConferenceBoxFAQ.swift in Sources */ = {isa = PBXBuildFile; fileRef = 2AC7DCF02A58B5E600DB9F6D /* ConferenceBoxFAQ.swift */; };
		2AC7DD022A58C95700DB9F6D /* FAQItem.swift in Sources */ = {isa = PBXBuildFile; fileRef = 2AC7DD012A58C95700DB9F6D /* FAQItem.swift */; };
		2AC7DD042A58C9B800DB9F6D /* AllFAQRequests.swift in Sources */ = {isa = PBXBuildFile; fileRef = 2AC7DD032A58C9B800DB9F6D /* AllFAQRequests.swift */; };
		2AC7DD072A58CD2000DB9F6D /* FAQListView.swift in Sources */ = {isa = PBXBuildFile; fileRef = 2AC7DD062A58CD2000DB9F6D /* FAQListView.swift */; };
		2AC7DD092A58CFDD00DB9F6D /* ConferenceBoxFAQItem.swift in Sources */ = {isa = PBXBuildFile; fileRef = 2AC7DD082A58CFDD00DB9F6D /* ConferenceBoxFAQItem.swift */; };
		2AC7DD0B2A58D07E00DB9F6D /* View+Preview.swift in Sources */ = {isa = PBXBuildFile; fileRef = 2AC7DD0A2A58D07E00DB9F6D /* View+Preview.swift */; };
		2AC7DD0F2A59F37D00DB9F6D /* PracticalPageView.swift in Sources */ = {isa = PBXBuildFile; fileRef = 2AC7DD0E2A59F37D00DB9F6D /* PracticalPageView.swift */; };
		2ACF55A42A605BA300C051FC /* GettingThereMapView.swift in Sources */ = {isa = PBXBuildFile; fileRef = 2ACF55A32A605BA300C051FC /* GettingThereMapView.swift */; };
		2AE2425D2A520C7A007FFCC5 /* ImageDownloader.swift in Sources */ = {isa = PBXBuildFile; fileRef = 2AE2425C2A520C7A007FFCC5 /* ImageDownloader.swift */; };
		2AE2425F2A521E4F007FFCC5 /* Collection+Safe.swift in Sources */ = {isa = PBXBuildFile; fileRef = 2AE2425E2A521E4F007FFCC5 /* Collection+Safe.swift */; };
		2AE43FAC2A6B1A8C009078E3 /* View+PercentageOffset.swift in Sources */ = {isa = PBXBuildFile; fileRef = 2AE43FAB2A6B1A8C009078E3 /* View+PercentageOffset.swift */; };
		2AE43FAE2A6C21B3009078E3 /* Activity.swift in Sources */ = {isa = PBXBuildFile; fileRef = 2AE43FAD2A6C21B3009078E3 /* Activity.swift */; };
		2AE43FF52A701ADF009078E3 /* AllActivitiesRequest.swift in Sources */ = {isa = PBXBuildFile; fileRef = 2AE43FF42A701ADF009078E3 /* AllActivitiesRequest.swift */; };
		2AE43FF92A701E8A009078E3 /* AllEvents.swift in Sources */ = {isa = PBXBuildFile; fileRef = 2AE43FF82A701E8A009078E3 /* AllEvents.swift */; };
		2AE43FFB2A701EA9009078E3 /* DBEvent.swift in Sources */ = {isa = PBXBuildFile; fileRef = 2AE43FFA2A701EA9009078E3 /* DBEvent.swift */; };
		2AE43FFD2A70266B009078E3 /* Event.swift in Sources */ = {isa = PBXBuildFile; fileRef = 2AE43FFC2A70266B009078E3 /* Event.swift */; };
		2AE43FFF2A702999009078E3 /* ConferenceBoxEvent.swift in Sources */ = {isa = PBXBuildFile; fileRef = 2AE43FFE2A702999009078E3 /* ConferenceBoxEvent.swift */; };
		2AE440012A702BC0009078E3 /* Date+Formatting.swift in Sources */ = {isa = PBXBuildFile; fileRef = 2AE440002A702BC0009078E3 /* Date+Formatting.swift */; };
		2AEDC4972A4A030F00CD0180 /* MainApp.swift in Sources */ = {isa = PBXBuildFile; fileRef = 2AEDC4962A4A030F00CD0180 /* MainApp.swift */; };
		2AEDC49B2A4A031000CD0180 /* Assets.xcassets in Resources */ = {isa = PBXBuildFile; fileRef = 2AEDC49A2A4A031000CD0180 /* Assets.xcassets */; };
		2AEDC49E2A4A031000CD0180 /* Preview Assets.xcassets in Resources */ = {isa = PBXBuildFile; fileRef = 2AEDC49D2A4A031000CD0180 /* Preview Assets.xcassets */; };
		2AEDC4A82A4A031100CD0180 /* SwiftIslandAppTests.swift in Sources */ = {isa = PBXBuildFile; fileRef = 2AEDC4A72A4A031100CD0180 /* SwiftIslandAppTests.swift */; };
		2AEDC4C32A4A089100CD0180 /* ConferencePageView.swift in Sources */ = {isa = PBXBuildFile; fileRef = 2AEDC4C22A4A089100CD0180 /* ConferencePageView.swift */; };
		2AEDC4C62A4A08AF00CD0180 /* TabBarView.swift in Sources */ = {isa = PBXBuildFile; fileRef = 2AEDC4C52A4A08AF00CD0180 /* TabBarView.swift */; };
		2AEDC4CA2A4A0CB500CD0180 /* TabBarBarView.swift in Sources */ = {isa = PBXBuildFile; fileRef = 2AEDC4C92A4A0CB500CD0180 /* TabBarBarView.swift */; };
		2AEDC4CC2A4A0CDF00CD0180 /* TabItem.swift in Sources */ = {isa = PBXBuildFile; fileRef = 2AEDC4CB2A4A0CDF00CD0180 /* TabItem.swift */; };
/* End PBXBuildFile section */

/* Begin PBXContainerItemProxy section */
		2AEDC4A42A4A031100CD0180 /* PBXContainerItemProxy */ = {
			isa = PBXContainerItemProxy;
			containerPortal = 2AEDC48B2A4A030F00CD0180 /* Project object */;
			proxyType = 1;
			remoteGlobalIDString = 2AEDC4922A4A030F00CD0180;
			remoteInfo = SwiftIsland2023;
		};
		2AEDC4AE2A4A031100CD0180 /* PBXContainerItemProxy */ = {
			isa = PBXContainerItemProxy;
			containerPortal = 2AEDC48B2A4A030F00CD0180 /* Project object */;
			proxyType = 1;
			remoteGlobalIDString = 2AEDC4922A4A030F00CD0180;
			remoteInfo = SwiftIsland2023;
		};
/* End PBXContainerItemProxy section */

/* Begin PBXFileReference section */
		2A16EB352A4CDA4200CC881D /* ConferenceHeaderView.swift */ = {isa = PBXFileReference; lastKnownFileType = sourcecode.swift; path = ConferenceHeaderView.swift; sourceTree = "<group>"; };
		2A16EB392A4CDB3600CC881D /* WorkSans-Regular.ttf */ = {isa = PBXFileReference; lastKnownFileType = file; path = "WorkSans-Regular.ttf"; sourceTree = "<group>"; };
		2A16EB3A2A4CDB3600CC881D /* WorkSans-Bold.ttf */ = {isa = PBXFileReference; lastKnownFileType = file; path = "WorkSans-Bold.ttf"; sourceTree = "<group>"; };
		2A16EB402A4CDD4A00CC881D /* Color+Helper.swift */ = {isa = PBXFileReference; lastKnownFileType = sourcecode.swift; path = "Color+Helper.swift"; sourceTree = "<group>"; };
		2A16EB422A4CDEFC00CC881D /* SwiftIslandApp-Info.plist */ = {isa = PBXFileReference; lastKnownFileType = text.plist.xml; path = "SwiftIslandApp-Info.plist"; sourceTree = "<group>"; };
		2A16EB442A4F622800CC881D /* ConferenceBoxTicket.swift */ = {isa = PBXFileReference; lastKnownFileType = sourcecode.swift; path = ConferenceBoxTicket.swift; sourceTree = "<group>"; };
		2A16EB482A4F655500CC881D /* Firestore+Request.swift */ = {isa = PBXFileReference; fileEncoding = 4; lastKnownFileType = sourcecode.swift; path = "Firestore+Request.swift"; sourceTree = "<group>"; };
		2A16EB492A4F655500CC881D /* Dictionary+Firestore.swift */ = {isa = PBXFileReference; fileEncoding = 4; lastKnownFileType = sourcecode.swift; path = "Dictionary+Firestore.swift"; sourceTree = "<group>"; };
		2A16EB4A2A4F655500CC881D /* Firestore+Encodable.swift */ = {isa = PBXFileReference; fileEncoding = 4; lastKnownFileType = sourcecode.swift; path = "Firestore+Encodable.swift"; sourceTree = "<group>"; };
		2A16EB4B2A4F655500CC881D /* Firestore+Response.swift */ = {isa = PBXFileReference; fileEncoding = 4; lastKnownFileType = sourcecode.swift; path = "Firestore+Response.swift"; sourceTree = "<group>"; };
		2A16EB4C2A4F655500CC881D /* DocumentSnapshot+Data.swift */ = {isa = PBXFileReference; fileEncoding = 4; lastKnownFileType = sourcecode.swift; path = "DocumentSnapshot+Data.swift"; sourceTree = "<group>"; };
		2A16EB4F2A4F655500CC881D /* Firestore+SwiftIsland.swift */ = {isa = PBXFileReference; fileEncoding = 4; lastKnownFileType = sourcecode.swift; path = "Firestore+SwiftIsland.swift"; sourceTree = "<group>"; };
		2A16EB632A4F6CC200CC881D /* GoogleService-Info.plist */ = {isa = PBXFileReference; fileEncoding = 4; lastKnownFileType = text.plist.xml; path = "GoogleService-Info.plist"; sourceTree = "<group>"; };
		2A17F0C12A6075BF0055E214 /* MentorView.swift */ = {isa = PBXFileReference; lastKnownFileType = sourcecode.swift; path = MentorView.swift; sourceTree = "<group>"; };
		2A17F0C52A608D990055E214 /* Mentor.swift */ = {isa = PBXFileReference; lastKnownFileType = sourcecode.swift; path = Mentor.swift; sourceTree = "<group>"; };
		2A17F0C72A608E030055E214 /* AllMentorsRequest.swift */ = {isa = PBXFileReference; lastKnownFileType = sourcecode.swift; path = AllMentorsRequest.swift; sourceTree = "<group>"; };
		2A7F12762A6401C4007C28EA /* NFCManager.swift */ = {isa = PBXFileReference; lastKnownFileType = sourcecode.swift; path = NFCManager.swift; sourceTree = "<group>"; };
		2A7F12782A640730007C28EA /* ScrollViewOffset.swift */ = {isa = PBXFileReference; lastKnownFileType = sourcecode.swift; path = ScrollViewOffset.swift; sourceTree = "<group>"; };
		2A7F127E2A6488EC007C28EA /* RequestLocationView.swift */ = {isa = PBXFileReference; lastKnownFileType = sourcecode.swift; path = RequestLocationView.swift; sourceTree = "<group>"; };
		2A7F12802A64891F007C28EA /* LinearGradient.swift */ = {isa = PBXFileReference; lastKnownFileType = sourcecode.swift; path = LinearGradient.swift; sourceTree = "<group>"; };
		2A7F12822A648C59007C28EA /* SwiftIslandButtonStyle.swift */ = {isa = PBXFileReference; lastKnownFileType = sourcecode.swift; path = SwiftIslandButtonStyle.swift; sourceTree = "<group>"; };
		2A7F12842A65DBEA007C28EA /* LocationManager.swift */ = {isa = PBXFileReference; lastKnownFileType = sourcecode.swift; path = LocationManager.swift; sourceTree = "<group>"; };
		2A7F12872A65E354007C28EA /* SectionAtTheConferenceNotActivated.swift */ = {isa = PBXFileReference; lastKnownFileType = sourcecode.swift; path = SectionAtTheConferenceNotActivated.swift; sourceTree = "<group>"; };
		2A7F128C2A69CC39007C28EA /* Defaults.swift */ = {isa = PBXFileReference; lastKnownFileType = sourcecode.swift; path = Defaults.swift; sourceTree = "<group>"; };
		2A7F128F2A69D9C7007C28EA /* PracticalGenericPageView.swift */ = {isa = PBXFileReference; lastKnownFileType = sourcecode.swift; path = PracticalGenericPageView.swift; sourceTree = "<group>"; };
		2A7F12912A69DB26007C28EA /* Page.swift */ = {isa = PBXFileReference; lastKnownFileType = sourcecode.swift; path = Page.swift; sourceTree = "<group>"; };
		2A7F12932A69DBD1007C28EA /* AllPagesRequest.swift */ = {isa = PBXFileReference; lastKnownFileType = sourcecode.swift; path = AllPagesRequest.swift; sourceTree = "<group>"; };
		2A7F12952A6B14CD007C28EA /* AppDataModel.swift */ = {isa = PBXFileReference; lastKnownFileType = sourcecode.swift; path = AppDataModel.swift; sourceTree = "<group>"; };
		2A7F12972A6B19E0007C28EA /* SwiftIslandLogo.swift */ = {isa = PBXFileReference; lastKnownFileType = sourcecode.swift; path = SwiftIslandLogo.swift; sourceTree = "<group>"; };
		2AC7DCF02A58B5E600DB9F6D /* ConferenceBoxFAQ.swift */ = {isa = PBXFileReference; lastKnownFileType = sourcecode.swift; path = ConferenceBoxFAQ.swift; sourceTree = "<group>"; };
		2AC7DD012A58C95700DB9F6D /* FAQItem.swift */ = {isa = PBXFileReference; lastKnownFileType = sourcecode.swift; path = FAQItem.swift; sourceTree = "<group>"; };
		2AC7DD032A58C9B800DB9F6D /* AllFAQRequests.swift */ = {isa = PBXFileReference; lastKnownFileType = sourcecode.swift; path = AllFAQRequests.swift; sourceTree = "<group>"; };
		2AC7DD062A58CD2000DB9F6D /* FAQListView.swift */ = {isa = PBXFileReference; lastKnownFileType = sourcecode.swift; path = FAQListView.swift; sourceTree = "<group>"; };
		2AC7DD082A58CFDD00DB9F6D /* ConferenceBoxFAQItem.swift */ = {isa = PBXFileReference; lastKnownFileType = sourcecode.swift; path = ConferenceBoxFAQItem.swift; sourceTree = "<group>"; };
		2AC7DD0A2A58D07E00DB9F6D /* View+Preview.swift */ = {isa = PBXFileReference; lastKnownFileType = sourcecode.swift; path = "View+Preview.swift"; sourceTree = "<group>"; };
		2AC7DD0E2A59F37D00DB9F6D /* PracticalPageView.swift */ = {isa = PBXFileReference; lastKnownFileType = sourcecode.swift; path = PracticalPageView.swift; sourceTree = "<group>"; };
		2ACF55A32A605BA300C051FC /* GettingThereMapView.swift */ = {isa = PBXFileReference; lastKnownFileType = sourcecode.swift; path = GettingThereMapView.swift; sourceTree = "<group>"; };
		2AE242552A4F8210007FFCC5 /* SwiftIslandApp.entitlements */ = {isa = PBXFileReference; lastKnownFileType = text.plist.entitlements; path = SwiftIslandApp.entitlements; sourceTree = "<group>"; };
		2AE2425C2A520C7A007FFCC5 /* ImageDownloader.swift */ = {isa = PBXFileReference; lastKnownFileType = sourcecode.swift; path = ImageDownloader.swift; sourceTree = "<group>"; };
		2AE2425E2A521E4F007FFCC5 /* Collection+Safe.swift */ = {isa = PBXFileReference; lastKnownFileType = sourcecode.swift; path = "Collection+Safe.swift"; sourceTree = "<group>"; };
		2AE43FAB2A6B1A8C009078E3 /* View+PercentageOffset.swift */ = {isa = PBXFileReference; lastKnownFileType = sourcecode.swift; path = "View+PercentageOffset.swift"; sourceTree = "<group>"; };
		2AE43FAD2A6C21B3009078E3 /* Activity.swift */ = {isa = PBXFileReference; lastKnownFileType = sourcecode.swift; path = Activity.swift; sourceTree = "<group>"; };
		2AE43FF42A701ADF009078E3 /* AllActivitiesRequest.swift */ = {isa = PBXFileReference; lastKnownFileType = sourcecode.swift; path = AllActivitiesRequest.swift; sourceTree = "<group>"; };
		2AE43FF82A701E8A009078E3 /* AllEvents.swift */ = {isa = PBXFileReference; lastKnownFileType = sourcecode.swift; path = AllEvents.swift; sourceTree = "<group>"; };
		2AE43FFA2A701EA9009078E3 /* DBEvent.swift */ = {isa = PBXFileReference; lastKnownFileType = sourcecode.swift; path = DBEvent.swift; sourceTree = "<group>"; };
		2AE43FFC2A70266B009078E3 /* Event.swift */ = {isa = PBXFileReference; lastKnownFileType = sourcecode.swift; path = Event.swift; sourceTree = "<group>"; };
		2AE43FFE2A702999009078E3 /* ConferenceBoxEvent.swift */ = {isa = PBXFileReference; lastKnownFileType = sourcecode.swift; path = ConferenceBoxEvent.swift; sourceTree = "<group>"; };
		2AE440002A702BC0009078E3 /* Date+Formatting.swift */ = {isa = PBXFileReference; lastKnownFileType = sourcecode.swift; path = "Date+Formatting.swift"; sourceTree = "<group>"; };
		2AEDC4932A4A030F00CD0180 /* SwiftIslandApp.app */ = {isa = PBXFileReference; explicitFileType = wrapper.application; includeInIndex = 0; path = SwiftIslandApp.app; sourceTree = BUILT_PRODUCTS_DIR; };
		2AEDC4962A4A030F00CD0180 /* MainApp.swift */ = {isa = PBXFileReference; lastKnownFileType = sourcecode.swift; path = MainApp.swift; sourceTree = "<group>"; };
		2AEDC49A2A4A031000CD0180 /* Assets.xcassets */ = {isa = PBXFileReference; lastKnownFileType = folder.assetcatalog; path = Assets.xcassets; sourceTree = "<group>"; };
		2AEDC49D2A4A031000CD0180 /* Preview Assets.xcassets */ = {isa = PBXFileReference; lastKnownFileType = folder.assetcatalog; path = "Preview Assets.xcassets"; sourceTree = "<group>"; };
		2AEDC4A32A4A031100CD0180 /* SwiftIslandAppTests.xctest */ = {isa = PBXFileReference; explicitFileType = wrapper.cfbundle; includeInIndex = 0; path = SwiftIslandAppTests.xctest; sourceTree = BUILT_PRODUCTS_DIR; };
		2AEDC4A72A4A031100CD0180 /* SwiftIslandAppTests.swift */ = {isa = PBXFileReference; lastKnownFileType = sourcecode.swift; path = SwiftIslandAppTests.swift; sourceTree = "<group>"; };
		2AEDC4AD2A4A031100CD0180 /* SwiftIslandAppUITests.xctest */ = {isa = PBXFileReference; explicitFileType = wrapper.cfbundle; includeInIndex = 0; path = SwiftIslandAppUITests.xctest; sourceTree = BUILT_PRODUCTS_DIR; };
		2AEDC4C22A4A089100CD0180 /* ConferencePageView.swift */ = {isa = PBXFileReference; lastKnownFileType = sourcecode.swift; path = ConferencePageView.swift; sourceTree = "<group>"; };
		2AEDC4C52A4A08AF00CD0180 /* TabBarView.swift */ = {isa = PBXFileReference; lastKnownFileType = sourcecode.swift; path = TabBarView.swift; sourceTree = "<group>"; };
		2AEDC4C92A4A0CB500CD0180 /* TabBarBarView.swift */ = {isa = PBXFileReference; lastKnownFileType = sourcecode.swift; path = TabBarBarView.swift; sourceTree = "<group>"; };
		2AEDC4CB2A4A0CDF00CD0180 /* TabItem.swift */ = {isa = PBXFileReference; lastKnownFileType = sourcecode.swift; path = TabItem.swift; sourceTree = "<group>"; };
/* End PBXFileReference section */

/* Begin PBXFrameworksBuildPhase section */
		2AEDC4902A4A030F00CD0180 /* Frameworks */ = {
			isa = PBXFrameworksBuildPhase;
			buildActionMask = 2147483647;
			files = (
				2A7F128B2A69CB2C007C28EA /* Defaults in Frameworks */,
				2A16EB5A2A4F65EC00CC881D /* FirebaseAnalytics in Frameworks */,
				2A16EB5C2A4F65EC00CC881D /* FirebaseAuth in Frameworks */,
				2A16EB5E2A4F65EC00CC881D /* FirebaseFirestore in Frameworks */,
				2A16EB622A4F65EC00CC881D /* FirebaseStorage in Frameworks */,
				2A16EB602A4F65EC00CC881D /* FirebaseFirestoreSwift in Frameworks */,
			);
			runOnlyForDeploymentPostprocessing = 0;
		};
		2AEDC4A02A4A031100CD0180 /* Frameworks */ = {
			isa = PBXFrameworksBuildPhase;
			buildActionMask = 2147483647;
			files = (
			);
			runOnlyForDeploymentPostprocessing = 0;
		};
		2AEDC4AA2A4A031100CD0180 /* Frameworks */ = {
			isa = PBXFrameworksBuildPhase;
			buildActionMask = 2147483647;
			files = (
			);
			runOnlyForDeploymentPostprocessing = 0;
		};
/* End PBXFrameworksBuildPhase section */

/* Begin PBXGroup section */
		2A16EB342A4CDA3200CC881D /* HeaderView */ = {
			isa = PBXGroup;
			children = (
				2A16EB352A4CDA4200CC881D /* ConferenceHeaderView.swift */,
			);
			path = HeaderView;
			sourceTree = "<group>";
		};
		2A16EB372A4CDB0400CC881D /* Resources */ = {
			isa = PBXGroup;
			children = (
				2A16EB382A4CDB3600CC881D /* Fonts */,
			);
			path = Resources;
			sourceTree = "<group>";
		};
		2A16EB382A4CDB3600CC881D /* Fonts */ = {
			isa = PBXGroup;
			children = (
				2A16EB392A4CDB3600CC881D /* WorkSans-Regular.ttf */,
				2A16EB3A2A4CDB3600CC881D /* WorkSans-Bold.ttf */,
			);
			path = Fonts;
			sourceTree = "<group>";
		};
		2A16EB3D2A4CDB3A00CC881D /* Extensions */ = {
			isa = PBXGroup;
			children = (
				2AE2425E2A521E4F007FFCC5 /* Collection+Safe.swift */,
				2A16EB402A4CDD4A00CC881D /* Color+Helper.swift */,
				2AE2425C2A520C7A007FFCC5 /* ImageDownloader.swift */,
				2A7F12802A64891F007C28EA /* LinearGradient.swift */,
				2A7F12822A648C59007C28EA /* SwiftIslandButtonStyle.swift */,
				2AC7DD0A2A58D07E00DB9F6D /* View+Preview.swift */,
				2AE43FAB2A6B1A8C009078E3 /* View+PercentageOffset.swift */,
				2AE440002A702BC0009078E3 /* Date+Formatting.swift */,
			);
			path = Extensions;
			sourceTree = "<group>";
		};
		2A16EB432A4F621B00CC881D /* Boxes */ = {
			isa = PBXGroup;
			children = (
				2AC7DCF02A58B5E600DB9F6D /* ConferenceBoxFAQ.swift */,
				2AC7DD082A58CFDD00DB9F6D /* ConferenceBoxFAQItem.swift */,
				2A16EB442A4F622800CC881D /* ConferenceBoxTicket.swift */,
				2AE43FFE2A702999009078E3 /* ConferenceBoxEvent.swift */,
			);
			path = Boxes;
			sourceTree = "<group>";
		};
		2A16EB472A4F655500CC881D /* Firebase */ = {
			isa = PBXGroup;
			children = (
				2A16EB672A4F713B00CC881D /* Requests */,
				2A16EB4D2A4F655500CC881D /* Entities */,
				2A16EB492A4F655500CC881D /* Dictionary+Firestore.swift */,
				2A16EB4C2A4F655500CC881D /* DocumentSnapshot+Data.swift */,
				2A16EB4A2A4F655500CC881D /* Firestore+Encodable.swift */,
				2A16EB482A4F655500CC881D /* Firestore+Request.swift */,
				2A16EB4B2A4F655500CC881D /* Firestore+Response.swift */,
				2A16EB4F2A4F655500CC881D /* Firestore+SwiftIsland.swift */,
			);
			path = Firebase;
			sourceTree = "<group>";
		};
		2A16EB4D2A4F655500CC881D /* Entities */ = {
			isa = PBXGroup;
			children = (
				2AE43FAD2A6C21B3009078E3 /* Activity.swift */,
				2AC7DD012A58C95700DB9F6D /* FAQItem.swift */,
				2A17F0C52A608D990055E214 /* Mentor.swift */,
				2A7F12912A69DB26007C28EA /* Page.swift */,
				2AE43FFA2A701EA9009078E3 /* DBEvent.swift */,
				2AE43FFC2A70266B009078E3 /* Event.swift */,
			);
			path = Entities;
			sourceTree = "<group>";
		};
		2A16EB672A4F713B00CC881D /* Requests */ = {
			isa = PBXGroup;
			children = (
				2AE43FF42A701ADF009078E3 /* AllActivitiesRequest.swift */,
				2AC7DD032A58C9B800DB9F6D /* AllFAQRequests.swift */,
				2A17F0C72A608E030055E214 /* AllMentorsRequest.swift */,
				2A7F12932A69DBD1007C28EA /* AllPagesRequest.swift */,
				2AE43FF82A701E8A009078E3 /* AllEvents.swift */,
			);
			path = Requests;
			sourceTree = "<group>";
		};
		2A7F12752A6401B9007C28EA /* Utilities */ = {
			isa = PBXGroup;
			children = (
				2A7F12952A6B14CD007C28EA /* AppDataModel.swift */,
				2A7F128C2A69CC39007C28EA /* Defaults.swift */,
				2A7F12842A65DBEA007C28EA /* LocationManager.swift */,
				2A7F12762A6401C4007C28EA /* NFCManager.swift */,
				2A7F12782A640730007C28EA /* ScrollViewOffset.swift */,
				2A7F12972A6B19E0007C28EA /* SwiftIslandLogo.swift */,
			);
			path = Utilities;
			sourceTree = "<group>";
		};
		2A7F127D2A6488E2007C28EA /* Location */ = {
			isa = PBXGroup;
			children = (
				2A7F127E2A6488EC007C28EA /* RequestLocationView.swift */,
			);
			path = Location;
			sourceTree = "<group>";
		};
		2A7F128E2A69D9B5007C28EA /* GenericPages */ = {
			isa = PBXGroup;
			children = (
				2A7F128F2A69D9C7007C28EA /* PracticalGenericPageView.swift */,
			);
			path = GenericPages;
			sourceTree = "<group>";
		};
		2AC7DD052A58CD1100DB9F6D /* FAQ */ = {
			isa = PBXGroup;
			children = (
				2AC7DD062A58CD2000DB9F6D /* FAQListView.swift */,
			);
			path = FAQ;
			sourceTree = "<group>";
		};
		2AC7DD0C2A59F36C00DB9F6D /* Practical */ = {
			isa = PBXGroup;
			children = (
				2A7F128E2A69D9B5007C28EA /* GenericPages */,
				2A7F127D2A6488E2007C28EA /* Location */,
				2ACF55A22A605B9300C051FC /* GettingThere */,
				2AC7DD0E2A59F37D00DB9F6D /* PracticalPageView.swift */,
			);
			path = Practical;
			sourceTree = "<group>";
		};
		2AC7DD102A5B1FBF00DB9F6D /* Mentors */ = {
			isa = PBXGroup;
			children = (
				2A17F0C12A6075BF0055E214 /* MentorView.swift */,
			);
			path = Mentors;
			sourceTree = "<group>";
		};
		2ACF55A22A605B9300C051FC /* GettingThere */ = {
			isa = PBXGroup;
			children = (
				2ACF55A32A605BA300C051FC /* GettingThereMapView.swift */,
				2A7F12872A65E354007C28EA /* SectionAtTheConferenceNotActivated.swift */,
			);
			path = GettingThere;
			sourceTree = "<group>";
		};
		2AEDC48A2A4A030F00CD0180 = {
			isa = PBXGroup;
			children = (
				2A16EB632A4F6CC200CC881D /* GoogleService-Info.plist */,
				2A16EB422A4CDEFC00CC881D /* SwiftIslandApp-Info.plist */,
				2AEDC4952A4A030F00CD0180 /* SwiftIslandApp */,
				2AEDC4A62A4A031100CD0180 /* SwiftIslandAppTests */,
				2AEDC4942A4A030F00CD0180 /* Products */,
			);
			sourceTree = "<group>";
		};
		2AEDC4942A4A030F00CD0180 /* Products */ = {
			isa = PBXGroup;
			children = (
				2AEDC4932A4A030F00CD0180 /* SwiftIslandApp.app */,
				2AEDC4A32A4A031100CD0180 /* SwiftIslandAppTests.xctest */,
				2AEDC4AD2A4A031100CD0180 /* SwiftIslandAppUITests.xctest */,
			);
			name = Products;
			sourceTree = "<group>";
		};
		2AEDC4952A4A030F00CD0180 /* SwiftIslandApp */ = {
			isa = PBXGroup;
			children = (
				2A16EB3D2A4CDB3A00CC881D /* Extensions */,
				2A16EB472A4F655500CC881D /* Firebase */,
				2AEDC4C02A4A086F00CD0180 /* Pages */,
				2AEDC49C2A4A031000CD0180 /* Preview Content */,
				2A16EB372A4CDB0400CC881D /* Resources */,
				2A7F12752A6401B9007C28EA /* Utilities */,
				2AEDC49A2A4A031000CD0180 /* Assets.xcassets */,
				2AEDC4962A4A030F00CD0180 /* MainApp.swift */,
				2AE242552A4F8210007FFCC5 /* SwiftIslandApp.entitlements */,
			);
			path = SwiftIslandApp;
			sourceTree = "<group>";
		};
		2AEDC49C2A4A031000CD0180 /* Preview Content */ = {
			isa = PBXGroup;
			children = (
				2AEDC49D2A4A031000CD0180 /* Preview Assets.xcassets */,
			);
			path = "Preview Content";
			sourceTree = "<group>";
		};
		2AEDC4A62A4A031100CD0180 /* SwiftIslandAppTests */ = {
			isa = PBXGroup;
			children = (
				2AEDC4A72A4A031100CD0180 /* SwiftIslandAppTests.swift */,
			);
			path = SwiftIslandAppTests;
			sourceTree = "<group>";
		};
		2AEDC4C02A4A086F00CD0180 /* Pages */ = {
			isa = PBXGroup;
			children = (
				2AEDC4C42A4A08A600CD0180 /* Common */,
				2AEDC4C12A4A087400CD0180 /* Conference */,
				2AC7DD0C2A59F36C00DB9F6D /* Practical */,
			);
			path = Pages;
			sourceTree = "<group>";
		};
		2AEDC4C12A4A087400CD0180 /* Conference */ = {
			isa = PBXGroup;
			children = (
				2AC7DD102A5B1FBF00DB9F6D /* Mentors */,
				2AC7DD052A58CD1100DB9F6D /* FAQ */,
				2A16EB432A4F621B00CC881D /* Boxes */,
				2A16EB342A4CDA3200CC881D /* HeaderView */,
				2AEDC4C22A4A089100CD0180 /* ConferencePageView.swift */,
			);
			path = Conference;
			sourceTree = "<group>";
		};
		2AEDC4C42A4A08A600CD0180 /* Common */ = {
			isa = PBXGroup;
			children = (
				2AEDC4C52A4A08AF00CD0180 /* TabBarView.swift */,
				2AEDC4C92A4A0CB500CD0180 /* TabBarBarView.swift */,
				2AEDC4CB2A4A0CDF00CD0180 /* TabItem.swift */,
			);
			path = Common;
			sourceTree = "<group>";
		};
/* End PBXGroup section */

/* Begin PBXNativeTarget section */
		2AEDC4922A4A030F00CD0180 /* SwiftIslandApp */ = {
			isa = PBXNativeTarget;
			buildConfigurationList = 2AEDC4B72A4A031100CD0180 /* Build configuration list for PBXNativeTarget "SwiftIslandApp" */;
			buildPhases = (
				2AEDC48F2A4A030F00CD0180 /* Sources */,
				2AEDC4902A4A030F00CD0180 /* Frameworks */,
				2AEDC4912A4A030F00CD0180 /* Resources */,
			);
			buildRules = (
			);
			dependencies = (
			);
			name = SwiftIslandApp;
			packageProductDependencies = (
				2A16EB592A4F65EC00CC881D /* FirebaseAnalytics */,
				2A16EB5B2A4F65EC00CC881D /* FirebaseAuth */,
				2A16EB5D2A4F65EC00CC881D /* FirebaseFirestore */,
				2A16EB5F2A4F65EC00CC881D /* FirebaseFirestoreSwift */,
				2A16EB612A4F65EC00CC881D /* FirebaseStorage */,
				2A7F128A2A69CB2C007C28EA /* Defaults */,
			);
			productName = SwiftIsland2023;
			productReference = 2AEDC4932A4A030F00CD0180 /* SwiftIslandApp.app */;
			productType = "com.apple.product-type.application";
		};
		2AEDC4A22A4A031100CD0180 /* SwiftIslandAppTests */ = {
			isa = PBXNativeTarget;
			buildConfigurationList = 2AEDC4BA2A4A031100CD0180 /* Build configuration list for PBXNativeTarget "SwiftIslandAppTests" */;
			buildPhases = (
				2AEDC49F2A4A031100CD0180 /* Sources */,
				2AEDC4A02A4A031100CD0180 /* Frameworks */,
				2AEDC4A12A4A031100CD0180 /* Resources */,
			);
			buildRules = (
			);
			dependencies = (
				2AEDC4A52A4A031100CD0180 /* PBXTargetDependency */,
			);
			name = SwiftIslandAppTests;
			productName = SwiftIsland2023Tests;
			productReference = 2AEDC4A32A4A031100CD0180 /* SwiftIslandAppTests.xctest */;
			productType = "com.apple.product-type.bundle.unit-test";
		};
		2AEDC4AC2A4A031100CD0180 /* SwiftIslandAppUITests */ = {
			isa = PBXNativeTarget;
			buildConfigurationList = 2AEDC4BD2A4A031100CD0180 /* Build configuration list for PBXNativeTarget "SwiftIslandAppUITests" */;
			buildPhases = (
				2AEDC4A92A4A031100CD0180 /* Sources */,
				2AEDC4AA2A4A031100CD0180 /* Frameworks */,
				2AEDC4AB2A4A031100CD0180 /* Resources */,
			);
			buildRules = (
			);
			dependencies = (
				2AEDC4AF2A4A031100CD0180 /* PBXTargetDependency */,
			);
			name = SwiftIslandAppUITests;
			productName = SwiftIsland2023UITests;
			productReference = 2AEDC4AD2A4A031100CD0180 /* SwiftIslandAppUITests.xctest */;
			productType = "com.apple.product-type.bundle.ui-testing";
		};
/* End PBXNativeTarget section */

/* Begin PBXProject section */
		2AEDC48B2A4A030F00CD0180 /* Project object */ = {
			isa = PBXProject;
			attributes = {
				BuildIndependentTargetsInParallel = 1;
				LastSwiftUpdateCheck = 1430;
				LastUpgradeCheck = 1430;
				ORGANIZATIONNAME = "AppTrix AB";
				TargetAttributes = {
					2AEDC4922A4A030F00CD0180 = {
						CreatedOnToolsVersion = 14.3;
					};
					2AEDC4A22A4A031100CD0180 = {
						CreatedOnToolsVersion = 14.3;
						TestTargetID = 2AEDC4922A4A030F00CD0180;
					};
					2AEDC4AC2A4A031100CD0180 = {
						CreatedOnToolsVersion = 14.3;
						TestTargetID = 2AEDC4922A4A030F00CD0180;
					};
				};
			};
			buildConfigurationList = 2AEDC48E2A4A030F00CD0180 /* Build configuration list for PBXProject "SwiftIslandApp" */;
			compatibilityVersion = "Xcode 14.0";
			developmentRegion = en;
			hasScannedForEncodings = 0;
			knownRegions = (
				en,
				Base,
			);
			mainGroup = 2AEDC48A2A4A030F00CD0180;
			packageReferences = (
				2A16EB582A4F65EC00CC881D /* XCRemoteSwiftPackageReference "firebase-ios-sdk" */,
				2A7F12892A69CB2C007C28EA /* XCRemoteSwiftPackageReference "Defaults" */,
			);
			productRefGroup = 2AEDC4942A4A030F00CD0180 /* Products */;
			projectDirPath = "";
			projectRoot = "";
			targets = (
				2AEDC4922A4A030F00CD0180 /* SwiftIslandApp */,
				2AEDC4A22A4A031100CD0180 /* SwiftIslandAppTests */,
				2AEDC4AC2A4A031100CD0180 /* SwiftIslandAppUITests */,
			);
		};
/* End PBXProject section */

/* Begin PBXResourcesBuildPhase section */
		2AEDC4912A4A030F00CD0180 /* Resources */ = {
			isa = PBXResourcesBuildPhase;
			buildActionMask = 2147483647;
			files = (
				2A16EB3B2A4CDB3600CC881D /* WorkSans-Regular.ttf in Resources */,
				2AEDC49E2A4A031000CD0180 /* Preview Assets.xcassets in Resources */,
				2A16EB642A4F6CC200CC881D /* GoogleService-Info.plist in Resources */,
				2AEDC49B2A4A031000CD0180 /* Assets.xcassets in Resources */,
				2A16EB3C2A4CDB3600CC881D /* WorkSans-Bold.ttf in Resources */,
			);
			runOnlyForDeploymentPostprocessing = 0;
		};
		2AEDC4A12A4A031100CD0180 /* Resources */ = {
			isa = PBXResourcesBuildPhase;
			buildActionMask = 2147483647;
			files = (
			);
			runOnlyForDeploymentPostprocessing = 0;
		};
		2AEDC4AB2A4A031100CD0180 /* Resources */ = {
			isa = PBXResourcesBuildPhase;
			buildActionMask = 2147483647;
			files = (
			);
			runOnlyForDeploymentPostprocessing = 0;
		};
/* End PBXResourcesBuildPhase section */

/* Begin PBXSourcesBuildPhase section */
		2AEDC48F2A4A030F00CD0180 /* Sources */ = {
			isa = PBXSourcesBuildPhase;
			buildActionMask = 2147483647;
			files = (
				2A7F12942A69DBD1007C28EA /* AllPagesRequest.swift in Sources */,
				2A7F12982A6B19E0007C28EA /* SwiftIslandLogo.swift in Sources */,
				2A16EB502A4F655500CC881D /* Firestore+Request.swift in Sources */,
				2AEDC4C32A4A089100CD0180 /* ConferencePageView.swift in Sources */,
				2A7F12792A640730007C28EA /* ScrollViewOffset.swift in Sources */,
				2A16EB362A4CDA4200CC881D /* ConferenceHeaderView.swift in Sources */,
				2AE43FAC2A6B1A8C009078E3 /* View+PercentageOffset.swift in Sources */,
				2AEDC4CC2A4A0CDF00CD0180 /* TabItem.swift in Sources */,
				2AE43FFD2A70266B009078E3 /* Event.swift in Sources */,
				2AEDC4CA2A4A0CB500CD0180 /* TabBarBarView.swift in Sources */,
				2AEDC4C62A4A08AF00CD0180 /* TabBarView.swift in Sources */,
				2A16EB542A4F655500CC881D /* DocumentSnapshot+Data.swift in Sources */,
				2A17F0C62A608D990055E214 /* Mentor.swift in Sources */,
				2A16EB522A4F655500CC881D /* Firestore+Encodable.swift in Sources */,
				2AEDC4972A4A030F00CD0180 /* MainApp.swift in Sources */,
				2AE43FFF2A702999009078E3 /* ConferenceBoxEvent.swift in Sources */,
				2A16EB532A4F655500CC881D /* Firestore+Response.swift in Sources */,
				2AE43FF52A701ADF009078E3 /* AllActivitiesRequest.swift in Sources */,
				2A7F12832A648C59007C28EA /* SwiftIslandButtonStyle.swift in Sources */,
				2A7F12902A69D9C7007C28EA /* PracticalGenericPageView.swift in Sources */,
				2AE440012A702BC0009078E3 /* Date+Formatting.swift in Sources */,
				2A7F12962A6B14CD007C28EA /* AppDataModel.swift in Sources */,
				2AE43FFB2A701EA9009078E3 /* DBEvent.swift in Sources */,
				2AE2425F2A521E4F007FFCC5 /* Collection+Safe.swift in Sources */,
				2A7F12852A65DBEA007C28EA /* LocationManager.swift in Sources */,
				2A16EB512A4F655500CC881D /* Dictionary+Firestore.swift in Sources */,
				2AC7DD092A58CFDD00DB9F6D /* ConferenceBoxFAQItem.swift in Sources */,
				2AC7DCF12A58B5E600DB9F6D /* ConferenceBoxFAQ.swift in Sources */,
				2A17F0C22A6075BF0055E214 /* MentorView.swift in Sources */,
				2AC7DD022A58C95700DB9F6D /* FAQItem.swift in Sources */,
				2A7F12772A6401C4007C28EA /* NFCManager.swift in Sources */,
				2A16EB412A4CDD4A00CC881D /* Color+Helper.swift in Sources */,
				2A7F128D2A69CC39007C28EA /* Defaults.swift in Sources */,
				2ACF55A42A605BA300C051FC /* GettingThereMapView.swift in Sources */,
				2A7F127F2A6488EC007C28EA /* RequestLocationView.swift in Sources */,
				2AE43FAE2A6C21B3009078E3 /* Activity.swift in Sources */,
				2AE43FF92A701E8A009078E3 /* AllEvents.swift in Sources */,
				2A7F12812A64891F007C28EA /* LinearGradient.swift in Sources */,
				2A16EB562A4F655500CC881D /* Firestore+SwiftIsland.swift in Sources */,
				2AC7DD0F2A59F37D00DB9F6D /* PracticalPageView.swift in Sources */,
				2AC7DD072A58CD2000DB9F6D /* FAQListView.swift in Sources */,
				2A16EB452A4F622800CC881D /* ConferenceBoxTicket.swift in Sources */,
				2AE2425D2A520C7A007FFCC5 /* ImageDownloader.swift in Sources */,
				2A7F12882A65E354007C28EA /* SectionAtTheConferenceNotActivated.swift in Sources */,
				2AC7DD0B2A58D07E00DB9F6D /* View+Preview.swift in Sources */,
				2AC7DD042A58C9B800DB9F6D /* AllFAQRequests.swift in Sources */,
				2A17F0C82A608E030055E214 /* AllMentorsRequest.swift in Sources */,
				2A7F12922A69DB26007C28EA /* Page.swift in Sources */,
			);
			runOnlyForDeploymentPostprocessing = 0;
		};
		2AEDC49F2A4A031100CD0180 /* Sources */ = {
			isa = PBXSourcesBuildPhase;
			buildActionMask = 2147483647;
			files = (
				2AEDC4A82A4A031100CD0180 /* SwiftIslandAppTests.swift in Sources */,
			);
			runOnlyForDeploymentPostprocessing = 0;
		};
		2AEDC4A92A4A031100CD0180 /* Sources */ = {
			isa = PBXSourcesBuildPhase;
			buildActionMask = 2147483647;
			files = (
			);
			runOnlyForDeploymentPostprocessing = 0;
		};
/* End PBXSourcesBuildPhase section */

/* Begin PBXTargetDependency section */
		2AEDC4A52A4A031100CD0180 /* PBXTargetDependency */ = {
			isa = PBXTargetDependency;
			target = 2AEDC4922A4A030F00CD0180 /* SwiftIslandApp */;
			targetProxy = 2AEDC4A42A4A031100CD0180 /* PBXContainerItemProxy */;
		};
		2AEDC4AF2A4A031100CD0180 /* PBXTargetDependency */ = {
			isa = PBXTargetDependency;
			target = 2AEDC4922A4A030F00CD0180 /* SwiftIslandApp */;
			targetProxy = 2AEDC4AE2A4A031100CD0180 /* PBXContainerItemProxy */;
		};
/* End PBXTargetDependency section */

/* Begin XCBuildConfiguration section */
		2AEDC4B52A4A031100CD0180 /* Debug */ = {
			isa = XCBuildConfiguration;
			buildSettings = {
				ALWAYS_SEARCH_USER_PATHS = NO;
				CLANG_ANALYZER_NONNULL = YES;
				CLANG_ANALYZER_NUMBER_OBJECT_CONVERSION = YES_AGGRESSIVE;
				CLANG_CXX_LANGUAGE_STANDARD = "gnu++20";
				CLANG_ENABLE_MODULES = YES;
				CLANG_ENABLE_OBJC_ARC = YES;
				CLANG_ENABLE_OBJC_WEAK = YES;
				CLANG_WARN_BLOCK_CAPTURE_AUTORELEASING = YES;
				CLANG_WARN_BOOL_CONVERSION = YES;
				CLANG_WARN_COMMA = YES;
				CLANG_WARN_CONSTANT_CONVERSION = YES;
				CLANG_WARN_DEPRECATED_OBJC_IMPLEMENTATIONS = YES;
				CLANG_WARN_DIRECT_OBJC_ISA_USAGE = YES_ERROR;
				CLANG_WARN_DOCUMENTATION_COMMENTS = YES;
				CLANG_WARN_EMPTY_BODY = YES;
				CLANG_WARN_ENUM_CONVERSION = YES;
				CLANG_WARN_INFINITE_RECURSION = YES;
				CLANG_WARN_INT_CONVERSION = YES;
				CLANG_WARN_NON_LITERAL_NULL_CONVERSION = YES;
				CLANG_WARN_OBJC_IMPLICIT_RETAIN_SELF = YES;
				CLANG_WARN_OBJC_LITERAL_CONVERSION = YES;
				CLANG_WARN_OBJC_ROOT_CLASS = YES_ERROR;
				CLANG_WARN_QUOTED_INCLUDE_IN_FRAMEWORK_HEADER = YES;
				CLANG_WARN_RANGE_LOOP_ANALYSIS = YES;
				CLANG_WARN_STRICT_PROTOTYPES = YES;
				CLANG_WARN_SUSPICIOUS_MOVE = YES;
				CLANG_WARN_UNGUARDED_AVAILABILITY = YES_AGGRESSIVE;
				CLANG_WARN_UNREACHABLE_CODE = YES;
				CLANG_WARN__DUPLICATE_METHOD_MATCH = YES;
				COPY_PHASE_STRIP = NO;
				DEBUG_INFORMATION_FORMAT = dwarf;
				ENABLE_STRICT_OBJC_MSGSEND = YES;
				ENABLE_TESTABILITY = YES;
				GCC_C_LANGUAGE_STANDARD = gnu11;
				GCC_DYNAMIC_NO_PIC = NO;
				GCC_NO_COMMON_BLOCKS = YES;
				GCC_OPTIMIZATION_LEVEL = 0;
				GCC_PREPROCESSOR_DEFINITIONS = (
					"DEBUG=1",
					"$(inherited)",
				);
				GCC_WARN_64_TO_32_BIT_CONVERSION = YES;
				GCC_WARN_ABOUT_RETURN_TYPE = YES_ERROR;
				GCC_WARN_UNDECLARED_SELECTOR = YES;
				GCC_WARN_UNINITIALIZED_AUTOS = YES_AGGRESSIVE;
				GCC_WARN_UNUSED_FUNCTION = YES;
				GCC_WARN_UNUSED_VARIABLE = YES;
				IPHONEOS_DEPLOYMENT_TARGET = 16.4;
				MTL_ENABLE_DEBUG_INFO = INCLUDE_SOURCE;
				MTL_FAST_MATH = YES;
				ONLY_ACTIVE_ARCH = YES;
				SDKROOT = iphoneos;
				SWIFT_ACTIVE_COMPILATION_CONDITIONS = DEBUG;
				SWIFT_OPTIMIZATION_LEVEL = "-Onone";
			};
			name = Debug;
		};
		2AEDC4B62A4A031100CD0180 /* Release */ = {
			isa = XCBuildConfiguration;
			buildSettings = {
				ALWAYS_SEARCH_USER_PATHS = NO;
				CLANG_ANALYZER_NONNULL = YES;
				CLANG_ANALYZER_NUMBER_OBJECT_CONVERSION = YES_AGGRESSIVE;
				CLANG_CXX_LANGUAGE_STANDARD = "gnu++20";
				CLANG_ENABLE_MODULES = YES;
				CLANG_ENABLE_OBJC_ARC = YES;
				CLANG_ENABLE_OBJC_WEAK = YES;
				CLANG_WARN_BLOCK_CAPTURE_AUTORELEASING = YES;
				CLANG_WARN_BOOL_CONVERSION = YES;
				CLANG_WARN_COMMA = YES;
				CLANG_WARN_CONSTANT_CONVERSION = YES;
				CLANG_WARN_DEPRECATED_OBJC_IMPLEMENTATIONS = YES;
				CLANG_WARN_DIRECT_OBJC_ISA_USAGE = YES_ERROR;
				CLANG_WARN_DOCUMENTATION_COMMENTS = YES;
				CLANG_WARN_EMPTY_BODY = YES;
				CLANG_WARN_ENUM_CONVERSION = YES;
				CLANG_WARN_INFINITE_RECURSION = YES;
				CLANG_WARN_INT_CONVERSION = YES;
				CLANG_WARN_NON_LITERAL_NULL_CONVERSION = YES;
				CLANG_WARN_OBJC_IMPLICIT_RETAIN_SELF = YES;
				CLANG_WARN_OBJC_LITERAL_CONVERSION = YES;
				CLANG_WARN_OBJC_ROOT_CLASS = YES_ERROR;
				CLANG_WARN_QUOTED_INCLUDE_IN_FRAMEWORK_HEADER = YES;
				CLANG_WARN_RANGE_LOOP_ANALYSIS = YES;
				CLANG_WARN_STRICT_PROTOTYPES = YES;
				CLANG_WARN_SUSPICIOUS_MOVE = YES;
				CLANG_WARN_UNGUARDED_AVAILABILITY = YES_AGGRESSIVE;
				CLANG_WARN_UNREACHABLE_CODE = YES;
				CLANG_WARN__DUPLICATE_METHOD_MATCH = YES;
				COPY_PHASE_STRIP = NO;
				DEBUG_INFORMATION_FORMAT = "dwarf-with-dsym";
				ENABLE_NS_ASSERTIONS = NO;
				ENABLE_STRICT_OBJC_MSGSEND = YES;
				GCC_C_LANGUAGE_STANDARD = gnu11;
				GCC_NO_COMMON_BLOCKS = YES;
				GCC_WARN_64_TO_32_BIT_CONVERSION = YES;
				GCC_WARN_ABOUT_RETURN_TYPE = YES_ERROR;
				GCC_WARN_UNDECLARED_SELECTOR = YES;
				GCC_WARN_UNINITIALIZED_AUTOS = YES_AGGRESSIVE;
				GCC_WARN_UNUSED_FUNCTION = YES;
				GCC_WARN_UNUSED_VARIABLE = YES;
				IPHONEOS_DEPLOYMENT_TARGET = 16.4;
				MTL_ENABLE_DEBUG_INFO = NO;
				MTL_FAST_MATH = YES;
				SDKROOT = iphoneos;
				SWIFT_COMPILATION_MODE = wholemodule;
				SWIFT_OPTIMIZATION_LEVEL = "-O";
				VALIDATE_PRODUCT = YES;
			};
			name = Release;
		};
		2AEDC4B82A4A031100CD0180 /* Debug */ = {
			isa = XCBuildConfiguration;
			buildSettings = {
				ASSETCATALOG_COMPILER_APPICON_NAME = AppIcon;
				ASSETCATALOG_COMPILER_GLOBAL_ACCENT_COLOR_NAME = AccentColor;
				CODE_SIGN_ENTITLEMENTS = SwiftIslandApp/SwiftIslandApp.entitlements;
				CODE_SIGN_STYLE = Automatic;
				CURRENT_PROJECT_VERSION = 1;
				DEVELOPMENT_ASSET_PATHS = "\"SwiftIslandApp/Preview Content\"";
				DEVELOPMENT_TEAM = 6B3SHVL3L5;
				ENABLE_PREVIEWS = YES;
				GENERATE_INFOPLIST_FILE = YES;
				INFOPLIST_FILE = "SwiftIslandApp-Info.plist";
				INFOPLIST_KEY_UIApplicationSceneManifest_Generation = YES;
				INFOPLIST_KEY_UIApplicationSupportsIndirectInputEvents = YES;
				INFOPLIST_KEY_UILaunchScreen_Generation = YES;
				INFOPLIST_KEY_UISupportedInterfaceOrientations = UIInterfaceOrientationPortrait;
				INFOPLIST_KEY_UISupportedInterfaceOrientations_iPad = "UIInterfaceOrientationLandscapeLeft UIInterfaceOrientationLandscapeRight UIInterfaceOrientationPortrait UIInterfaceOrientationPortraitUpsideDown";
				LD_RUNPATH_SEARCH_PATHS = (
					"$(inherited)",
					"@executable_path/Frameworks",
				);
				MARKETING_VERSION = 2.0.0;
				PRODUCT_BUNDLE_IDENTIFIER = nl.swiftisland.app;
				PRODUCT_NAME = "$(TARGET_NAME)";
				SUPPORTED_PLATFORMS = "iphoneos iphonesimulator";
				SUPPORTS_MACCATALYST = NO;
				SUPPORTS_MAC_DESIGNED_FOR_IPHONE_IPAD = NO;
				SWIFT_EMIT_LOC_STRINGS = YES;
				SWIFT_VERSION = 5.0;
				TARGETED_DEVICE_FAMILY = 1;
			};
			name = Debug;
		};
		2AEDC4B92A4A031100CD0180 /* Release */ = {
			isa = XCBuildConfiguration;
			buildSettings = {
				ASSETCATALOG_COMPILER_APPICON_NAME = AppIcon;
				ASSETCATALOG_COMPILER_GLOBAL_ACCENT_COLOR_NAME = AccentColor;
				CODE_SIGN_ENTITLEMENTS = SwiftIslandApp/SwiftIslandApp.entitlements;
				CODE_SIGN_STYLE = Automatic;
				CURRENT_PROJECT_VERSION = 1;
				DEVELOPMENT_ASSET_PATHS = "\"SwiftIslandApp/Preview Content\"";
				DEVELOPMENT_TEAM = 6B3SHVL3L5;
				ENABLE_PREVIEWS = YES;
				GENERATE_INFOPLIST_FILE = YES;
				INFOPLIST_FILE = "SwiftIslandApp-Info.plist";
				INFOPLIST_KEY_UIApplicationSceneManifest_Generation = YES;
				INFOPLIST_KEY_UIApplicationSupportsIndirectInputEvents = YES;
				INFOPLIST_KEY_UILaunchScreen_Generation = YES;
				INFOPLIST_KEY_UISupportedInterfaceOrientations = UIInterfaceOrientationPortrait;
				INFOPLIST_KEY_UISupportedInterfaceOrientations_iPad = "UIInterfaceOrientationLandscapeLeft UIInterfaceOrientationLandscapeRight UIInterfaceOrientationPortrait UIInterfaceOrientationPortraitUpsideDown";
				LD_RUNPATH_SEARCH_PATHS = (
					"$(inherited)",
					"@executable_path/Frameworks",
				);
				MARKETING_VERSION = 2.0.0;
				PRODUCT_BUNDLE_IDENTIFIER = nl.swiftisland.app;
				PRODUCT_NAME = "$(TARGET_NAME)";
				SUPPORTED_PLATFORMS = "iphoneos iphonesimulator";
				SUPPORTS_MACCATALYST = NO;
				SUPPORTS_MAC_DESIGNED_FOR_IPHONE_IPAD = NO;
				SWIFT_EMIT_LOC_STRINGS = YES;
				SWIFT_VERSION = 5.0;
				TARGETED_DEVICE_FAMILY = 1;
			};
			name = Release;
		};
		2AEDC4BB2A4A031100CD0180 /* Debug */ = {
			isa = XCBuildConfiguration;
			buildSettings = {
				ALWAYS_EMBED_SWIFT_STANDARD_LIBRARIES = YES;
				BUNDLE_LOADER = "$(TEST_HOST)";
				CODE_SIGN_STYLE = Automatic;
				CURRENT_PROJECT_VERSION = 1;
				DEVELOPMENT_TEAM = 6B3SHVL3L5;
				GENERATE_INFOPLIST_FILE = YES;
				IPHONEOS_DEPLOYMENT_TARGET = 16.4;
				MARKETING_VERSION = 1.0;
				PRODUCT_BUNDLE_IDENTIFIER = se.apptrix.SwiftIsland2023Tests;
				PRODUCT_NAME = "$(TARGET_NAME)";
				SWIFT_EMIT_LOC_STRINGS = NO;
				SWIFT_VERSION = 5.0;
				TARGETED_DEVICE_FAMILY = "1,2";
				TEST_HOST = "$(BUILT_PRODUCTS_DIR)/SwiftIslandApp.app/$(BUNDLE_EXECUTABLE_FOLDER_PATH)/SwiftIslandApp";
			};
			name = Debug;
		};
		2AEDC4BC2A4A031100CD0180 /* Release */ = {
			isa = XCBuildConfiguration;
			buildSettings = {
				ALWAYS_EMBED_SWIFT_STANDARD_LIBRARIES = YES;
				BUNDLE_LOADER = "$(TEST_HOST)";
				CODE_SIGN_STYLE = Automatic;
				CURRENT_PROJECT_VERSION = 1;
				DEVELOPMENT_TEAM = 6B3SHVL3L5;
				GENERATE_INFOPLIST_FILE = YES;
				IPHONEOS_DEPLOYMENT_TARGET = 16.4;
				MARKETING_VERSION = 1.0;
				PRODUCT_BUNDLE_IDENTIFIER = se.apptrix.SwiftIsland2023Tests;
				PRODUCT_NAME = "$(TARGET_NAME)";
				SWIFT_EMIT_LOC_STRINGS = NO;
				SWIFT_VERSION = 5.0;
				TARGETED_DEVICE_FAMILY = "1,2";
				TEST_HOST = "$(BUILT_PRODUCTS_DIR)/SwiftIslandApp.app/$(BUNDLE_EXECUTABLE_FOLDER_PATH)/SwiftIslandApp";
			};
			name = Release;
		};
		2AEDC4BE2A4A031100CD0180 /* Debug */ = {
			isa = XCBuildConfiguration;
			buildSettings = {
				ALWAYS_EMBED_SWIFT_STANDARD_LIBRARIES = YES;
				CODE_SIGN_STYLE = Automatic;
				CURRENT_PROJECT_VERSION = 1;
				DEVELOPMENT_TEAM = 6B3SHVL3L5;
				GENERATE_INFOPLIST_FILE = YES;
				MARKETING_VERSION = 1.0;
				PRODUCT_BUNDLE_IDENTIFIER = se.apptrix.SwiftIsland2023UITests;
				PRODUCT_NAME = "$(TARGET_NAME)";
				SWIFT_EMIT_LOC_STRINGS = NO;
				SWIFT_VERSION = 5.0;
				TARGETED_DEVICE_FAMILY = "1,2";
				TEST_TARGET_NAME = SwiftIsland;
			};
			name = Debug;
		};
		2AEDC4BF2A4A031100CD0180 /* Release */ = {
			isa = XCBuildConfiguration;
			buildSettings = {
				ALWAYS_EMBED_SWIFT_STANDARD_LIBRARIES = YES;
				CODE_SIGN_STYLE = Automatic;
				CURRENT_PROJECT_VERSION = 1;
				DEVELOPMENT_TEAM = 6B3SHVL3L5;
				GENERATE_INFOPLIST_FILE = YES;
				MARKETING_VERSION = 1.0;
				PRODUCT_BUNDLE_IDENTIFIER = se.apptrix.SwiftIsland2023UITests;
				PRODUCT_NAME = "$(TARGET_NAME)";
				SWIFT_EMIT_LOC_STRINGS = NO;
				SWIFT_VERSION = 5.0;
				TARGETED_DEVICE_FAMILY = "1,2";
				TEST_TARGET_NAME = SwiftIsland;
			};
			name = Release;
		};
/* End XCBuildConfiguration section */

/* Begin XCConfigurationList section */
		2AEDC48E2A4A030F00CD0180 /* Build configuration list for PBXProject "SwiftIslandApp" */ = {
			isa = XCConfigurationList;
			buildConfigurations = (
				2AEDC4B52A4A031100CD0180 /* Debug */,
				2AEDC4B62A4A031100CD0180 /* Release */,
			);
			defaultConfigurationIsVisible = 0;
			defaultConfigurationName = Release;
		};
		2AEDC4B72A4A031100CD0180 /* Build configuration list for PBXNativeTarget "SwiftIslandApp" */ = {
			isa = XCConfigurationList;
			buildConfigurations = (
				2AEDC4B82A4A031100CD0180 /* Debug */,
				2AEDC4B92A4A031100CD0180 /* Release */,
			);
			defaultConfigurationIsVisible = 0;
			defaultConfigurationName = Release;
		};
		2AEDC4BA2A4A031100CD0180 /* Build configuration list for PBXNativeTarget "SwiftIslandAppTests" */ = {
			isa = XCConfigurationList;
			buildConfigurations = (
				2AEDC4BB2A4A031100CD0180 /* Debug */,
				2AEDC4BC2A4A031100CD0180 /* Release */,
			);
			defaultConfigurationIsVisible = 0;
			defaultConfigurationName = Release;
		};
		2AEDC4BD2A4A031100CD0180 /* Build configuration list for PBXNativeTarget "SwiftIslandAppUITests" */ = {
			isa = XCConfigurationList;
			buildConfigurations = (
				2AEDC4BE2A4A031100CD0180 /* Debug */,
				2AEDC4BF2A4A031100CD0180 /* Release */,
			);
			defaultConfigurationIsVisible = 0;
			defaultConfigurationName = Release;
		};
/* End XCConfigurationList section */

/* Begin XCRemoteSwiftPackageReference section */
		2A16EB582A4F65EC00CC881D /* XCRemoteSwiftPackageReference "firebase-ios-sdk" */ = {
			isa = XCRemoteSwiftPackageReference;
			repositoryURL = "https://github.com/firebase/firebase-ios-sdk.git";
			requirement = {
				kind = upToNextMajorVersion;
				minimumVersion = 10.0.0;
			};
		};
		2A7F12892A69CB2C007C28EA /* XCRemoteSwiftPackageReference "Defaults" */ = {
			isa = XCRemoteSwiftPackageReference;
			repositoryURL = "https://github.com/sindresorhus/Defaults";
			requirement = {
				kind = upToNextMajorVersion;
				minimumVersion = 7.2.0;
			};
		};
/* End XCRemoteSwiftPackageReference section */

/* Begin XCSwiftPackageProductDependency section */
		2A16EB592A4F65EC00CC881D /* FirebaseAnalytics */ = {
			isa = XCSwiftPackageProductDependency;
			package = 2A16EB582A4F65EC00CC881D /* XCRemoteSwiftPackageReference "firebase-ios-sdk" */;
			productName = FirebaseAnalytics;
		};
		2A16EB5B2A4F65EC00CC881D /* FirebaseAuth */ = {
			isa = XCSwiftPackageProductDependency;
			package = 2A16EB582A4F65EC00CC881D /* XCRemoteSwiftPackageReference "firebase-ios-sdk" */;
			productName = FirebaseAuth;
		};
		2A16EB5D2A4F65EC00CC881D /* FirebaseFirestore */ = {
			isa = XCSwiftPackageProductDependency;
			package = 2A16EB582A4F65EC00CC881D /* XCRemoteSwiftPackageReference "firebase-ios-sdk" */;
			productName = FirebaseFirestore;
		};
		2A16EB5F2A4F65EC00CC881D /* FirebaseFirestoreSwift */ = {
			isa = XCSwiftPackageProductDependency;
			package = 2A16EB582A4F65EC00CC881D /* XCRemoteSwiftPackageReference "firebase-ios-sdk" */;
			productName = FirebaseFirestoreSwift;
		};
		2A16EB612A4F65EC00CC881D /* FirebaseStorage */ = {
			isa = XCSwiftPackageProductDependency;
			package = 2A16EB582A4F65EC00CC881D /* XCRemoteSwiftPackageReference "firebase-ios-sdk" */;
			productName = FirebaseStorage;
		};
		2A7F128A2A69CB2C007C28EA /* Defaults */ = {
			isa = XCSwiftPackageProductDependency;
			package = 2A7F12892A69CB2C007C28EA /* XCRemoteSwiftPackageReference "Defaults" */;
			productName = Defaults;
		};
/* End XCSwiftPackageProductDependency section */
	};
	rootObject = 2AEDC48B2A4A030F00CD0180 /* Project object */;
}
